{
    "version": 3,
    "terraform_version": "0.11.10",
    "serial": 8,
    "lineage": "41c454e1-df82-5922-902e-10c4fb4596e7",
    "modules": [
        {
            "path": [
                "root"
            ],
            "outputs": {
                "Availability_Domain": {
                    "sensitive": false,
                    "type": "list",
                    "value": [
                        "AhKQ:US-ASHBURN-AD-2"
                    ]
                },
                "Image": {
                    "sensitive": false,
                    "type": "list",
                    "value": [
                        "ocid1.image.oc1.iad.aaaaaaaa2tq67tvbeavcmioghquci6p3pvqwbneq3vfy7fe7m7geiga4cnxa"
                    ]
                },
                "Private_IP_of_instance": {
                    "sensitive": false,
                    "type": "list",
                    "value": [
                        "10.0.1.63"
                    ]
                },
                "Public_IP_of_instance": {
                    "sensitive": false,
                    "type": "list",
                    "value": [
                        "129.213.87.97"
                    ]
                },
                "Shape": {
                    "sensitive": false,
                    "type": "list",
                    "value": [
                        "VM.Standard1.1"
                    ]
                }
            },
            "resources": {
                "data.template_file.omc_cloudinit_script": {
                    "type": "template_file",
                    "depends_on": [],
                    "primary": {
                        "id": "52bf2030f8107b6f170113e100c38e84cf650c7efee1f08a9aaa2f6cac072104",
                        "attributes": {
                            "id": "52bf2030f8107b6f170113e100c38e84cf650c7efee1f08a9aaa2f6cac072104",
                            "rendered": "#cloud-config\n# vim: syntax=yaml\n#\n\ngroups:\n  - oinstall\n\n# Add users to the system. Users are added after groups are added.\nusers:\n  - default\n  - name: oracle\n    gecos: Oracle Installer\n    sudo: ALL=(ALL) NOPASSWD:ALL\n    primary-group: oinstall\n    groups: users\n    expiredate: 2012-09-01\n    lock_passwd: true\n    ssh-authorized-keys:\n        - ssh-rsa AAAAB3NzaC1yc2EAAAADAQABAAABAQDT+u6tfqx+YJDioefzcY85rFkRH1MsYvYjFapzOZ52m6hc3oxw0M/MZLZZkwl8L6zinbfI4nhQ+YdVrZec2GINdDz7JfIR8DwiwT5ZFJzFJUw1Mb6KwIXOi9b92HHR+rpbR3SreMosL/Cz8Z2sBhlXmZDvOk7wVCmlnoGxCQzzzuwyf9leacaI7L9YLNSWloz/ezdSo5Z2DHp/ZFBQyvX1ZgVwnVRZzMXwitfqraCmuWlFV7wHC1j5Taliozt4A4CO4G8aXWoBRAjHd7umQZ51y5ODd0Zpfd0HZZMsGFD5YjkErMHn+8+EAu78NuigM1jA2exKQek4YFZPzly/PiDt jde_ssh\n\n\npackage_upgrade: false\n\npackages:\n - gcc\n - gcc-c++\n - wget\n - git\n - perl\n - unzip\n - bind-utils\n - bc\n - rng-tools\n - libffi-devel\n - python-devel\n - openssl-devel\n - xfsprogs\n - xfsdump\n - mdadm\n - jq\n\nruncmd:\n  - [ sh, -xc, \"systemctl stop firewalld \u0026\u0026 systemctl disable firewalld\" ]\n  - [ sh, -xc, \"echo ulimit -S -n 10000 \u003e\u003e ~oracle/.bash_profile\" ]\n  - [ sh, -xc, \"echo umask 022 \u003e\u003e ~oracle/.bash_profile\" ]\n  - [ sh, -xc, \"echo oracle soft nofile 65536 \u003e\u003e /etc/security/limits.conf\" ]\n  - [ sh, -xc, \"echo oracle hard nofile 65536 \u003e\u003e /etc/security/limits.conf\" ]\n  - [ sh, -xc, \"mkdir -p /opt/omc\"]\n  - [ sh, -xc, \"mkdir -p /opt/omc/installer\"]\n  - [ sh, -xc, \"chown -R oracle:oinstall /opt/omc\"]\n  - [ sh, -xc, \"rngd -r /dev/urandom -o /dev/random\"]\n  - [ sh, -xc, \"touch /tmp/signal\"]\n\n",
                            "template": "#cloud-config\n# vim: syntax=yaml\n#\n\ngroups:\n  - oinstall\n\n# Add users to the system. Users are added after groups are added.\nusers:\n  - default\n  - name: oracle\n    gecos: Oracle Installer\n    sudo: ALL=(ALL) NOPASSWD:ALL\n    primary-group: oinstall\n    groups: users\n    expiredate: 2012-09-01\n    lock_passwd: true\n    ssh-authorized-keys:\n        - ${ssh_public_key}\n\npackage_upgrade: false\n\npackages:\n - gcc\n - gcc-c++\n - wget\n - git\n - perl\n - unzip\n - bind-utils\n - bc\n - rng-tools\n - libffi-devel\n - python-devel\n - openssl-devel\n - xfsprogs\n - xfsdump\n - mdadm\n - jq\n\nruncmd:\n  - [ sh, -xc, \"systemctl stop firewalld \u0026\u0026 systemctl disable firewalld\" ]\n  - [ sh, -xc, \"echo ulimit -S -n 10000 \u003e\u003e ~oracle/.bash_profile\" ]\n  - [ sh, -xc, \"echo umask 022 \u003e\u003e ~oracle/.bash_profile\" ]\n  - [ sh, -xc, \"echo oracle soft nofile 65536 \u003e\u003e /etc/security/limits.conf\" ]\n  - [ sh, -xc, \"echo oracle hard nofile 65536 \u003e\u003e /etc/security/limits.conf\" ]\n  - [ sh, -xc, \"mkdir -p /opt/omc\"]\n  - [ sh, -xc, \"mkdir -p /opt/omc/installer\"]\n  - [ sh, -xc, \"chown -R oracle:oinstall /opt/omc\"]\n  - [ sh, -xc, \"rngd -r /dev/urandom -o /dev/random\"]\n  - [ sh, -xc, \"touch /tmp/signal\"]\n\n",
                            "vars.%": "1",
                            "vars.ssh_public_key": "ssh-rsa AAAAB3NzaC1yc2EAAAADAQABAAABAQDT+u6tfqx+YJDioefzcY85rFkRH1MsYvYjFapzOZ52m6hc3oxw0M/MZLZZkwl8L6zinbfI4nhQ+YdVrZec2GINdDz7JfIR8DwiwT5ZFJzFJUw1Mb6KwIXOi9b92HHR+rpbR3SreMosL/Cz8Z2sBhlXmZDvOk7wVCmlnoGxCQzzzuwyf9leacaI7L9YLNSWloz/ezdSo5Z2DHp/ZFBQyvX1ZgVwnVRZzMXwitfqraCmuWlFV7wHC1j5Taliozt4A4CO4G8aXWoBRAjHd7umQZ51y5ODd0Zpfd0HZZMsGFD5YjkErMHn+8+EAu78NuigM1jA2exKQek4YFZPzly/PiDt jde_ssh\n"
                        },
                        "meta": {},
                        "tainted": false
                    },
                    "deposed": [],
                    "provider": "provider.template"
                },
                "null_resource.omc_instance_install": {
                    "type": "null_resource",
                    "depends_on": [
                        "oci_core_instance.omc_managed_instance"
                    ],
                    "primary": {
                        "id": "9160388599756549844",
                        "attributes": {
                            "id": "9160388599756549844"
                        },
                        "meta": {},
                        "tainted": false
                    },
                    "deposed": [],
                    "provider": "provider.null"
                },
                "oci_core_instance.omc_managed_instance": {
                    "type": "oci_core_instance",
                    "depends_on": [
                        "data.template_file.omc_cloudinit_script",
                        "module.oci_resources"
                    ],
                    "primary": {
                        "id": "ocid1.instance.oc1.iad.abuwcljrkr32npnnbf4tesrvyf5uy5sr6ee5qg6n67ubcc5axskj4sglwhya",
                        "attributes": {
                            "availability_domain": "AhKQ:US-ASHBURN-AD-2",
                            "boot_volume_id": "ocid1.bootvolume.oc1.iad.abuwcljrwbt4hhq4kczjsoe6rd47eywloj3mjufmrrakpvjtqo7nzi2nrp4q",
                            "compartment_id": "ocid1.compartment.oc1..aaaaaaaafi4svitnwdmpppeita6cr4fky6vyp26bvnwz6lqhpzdl3q7txwpa",
                            "create_vnic_details.#": "1",
                            "create_vnic_details.0.assign_public_ip": "true",
                            "create_vnic_details.0.defined_tags.%": "0",
                            "create_vnic_details.0.display_name": "Test0918",
                            "create_vnic_details.0.freeform_tags.%": "0",
                            "create_vnic_details.0.hostname_label": "test0918-8832",
                            "create_vnic_details.0.private_ip": "10.0.1.63",
                            "create_vnic_details.0.skip_source_dest_check": "false",
                            "create_vnic_details.0.subnet_id": "ocid1.subnet.oc1.iad.aaaaaaaabxrxngnwdn2pvvhgkuypd73xrekn3r3wfb2ob5neatvbudvoddea",
                            "defined_tags.%": "0",
                            "display_name": "Test0918",
                            "fault_domain": "FAULT-DOMAIN-2",
                            "freeform_tags.%": "0",
                            "hostname_label": "test0918-8832",
                            "id": "ocid1.instance.oc1.iad.abuwcljrkr32npnnbf4tesrvyf5uy5sr6ee5qg6n67ubcc5axskj4sglwhya",
                            "image": "ocid1.image.oc1.iad.aaaaaaaa2tq67tvbeavcmioghquci6p3pvqwbneq3vfy7fe7m7geiga4cnxa",
                            "launch_mode": "NATIVE",
                            "launch_options.#": "1",
                            "launch_options.0.boot_volume_type": "PARAVIRTUALIZED",
                            "launch_options.0.firmware": "UEFI_64",
                            "launch_options.0.network_type": "VFIO",
                            "launch_options.0.remote_data_volume_type": "PARAVIRTUALIZED",
                            "metadata.%": "2",
                            "metadata.ssh_authorized_keys": "ssh-rsa AAAAB3NzaC1yc2EAAAADAQABAAABAQDT+u6tfqx+YJDioefzcY85rFkRH1MsYvYjFapzOZ52m6hc3oxw0M/MZLZZkwl8L6zinbfI4nhQ+YdVrZec2GINdDz7JfIR8DwiwT5ZFJzFJUw1Mb6KwIXOi9b92HHR+rpbR3SreMosL/Cz8Z2sBhlXmZDvOk7wVCmlnoGxCQzzzuwyf9leacaI7L9YLNSWloz/ezdSo5Z2DHp/ZFBQyvX1ZgVwnVRZzMXwitfqraCmuWlFV7wHC1j5Taliozt4A4CO4G8aXWoBRAjHd7umQZ51y5ODd0Zpfd0HZZMsGFD5YjkErMHn+8+EAu78NuigM1jA2exKQek4YFZPzly/PiDt jde_ssh\n",
                            "metadata.user_data": "I2Nsb3VkLWNvbmZpZwojIHZpbTogc3ludGF4PXlhbWwKIwoKZ3JvdXBzOgogIC0gb2luc3RhbGwKCiMgQWRkIHVzZXJzIHRvIHRoZSBzeXN0ZW0uIFVzZXJzIGFyZSBhZGRlZCBhZnRlciBncm91cHMgYXJlIGFkZGVkLgp1c2VyczoKICAtIGRlZmF1bHQKICAtIG5hbWU6IG9yYWNsZQogICAgZ2Vjb3M6IE9yYWNsZSBJbnN0YWxsZXIKICAgIHN1ZG86IEFMTD0oQUxMKSBOT1BBU1NXRDpBTEwKICAgIHByaW1hcnktZ3JvdXA6IG9pbnN0YWxsCiAgICBncm91cHM6IHVzZXJzCiAgICBleHBpcmVkYXRlOiAyMDEyLTA5LTAxCiAgICBsb2NrX3Bhc3N3ZDogdHJ1ZQogICAgc3NoLWF1dGhvcml6ZWQta2V5czoKICAgICAgICAtIHNzaC1yc2EgQUFBQUIzTnphQzF5YzJFQUFBQURBUUFCQUFBQkFRRFQrdTZ0ZnF4K1lKRGlvZWZ6Y1k4NXJGa1JIMU1zWXZZakZhcHpPWjUybTZoYzNveHcwTS9NWkxaWmt3bDhMNnppbmJmSTRuaFErWWRWclplYzJHSU5kRHo3SmZJUjhEd2l3VDVaRkp6RkpVdzFNYjZLd0lYT2k5YjkySEhSK3JwYlIzU3JlTW9zTC9DejhaMnNCaGxYbVpEdk9rN3dWQ21sbm9HeENRenp6dXd5ZjlsZWFjYUk3TDlZTE5TV2xvei9lemRTbzVaMkRIcC9aRkJReXZYMVpnVnduVlJaek1Yd2l0ZnFyYUNtdVdsRlY3d0hDMWo1VGFsaW96dDRBNENPNEc4YVhXb0JSQWpIZDd1bVFaNTF5NU9EZDBacGZkMEhaWk1zR0ZENVlqa0VyTUhuKzgrRUF1NzhOdWlnTTFqQTJleEtRZWs0WUZaUHpseS9QaUR0IGpkZV9zc2gKCgpwYWNrYWdlX3VwZ3JhZGU6IGZhbHNlCgpwYWNrYWdlczoKIC0gZ2NjCiAtIGdjYy1jKysKIC0gd2dldAogLSBnaXQKIC0gcGVybAogLSB1bnppcAogLSBiaW5kLXV0aWxzCiAtIGJjCiAtIHJuZy10b29scwogLSBsaWJmZmktZGV2ZWwKIC0gcHl0aG9uLWRldmVsCiAtIG9wZW5zc2wtZGV2ZWwKIC0geGZzcHJvZ3MKIC0geGZzZHVtcAogLSBtZGFkbQogLSBqcQoKcnVuY21kOgogIC0gWyBzaCwgLXhjLCAic3lzdGVtY3RsIHN0b3AgZmlyZXdhbGxkICYmIHN5c3RlbWN0bCBkaXNhYmxlIGZpcmV3YWxsZCIgXQogIC0gWyBzaCwgLXhjLCAiZWNobyB1bGltaXQgLVMgLW4gMTAwMDAgPj4gfm9yYWNsZS8uYmFzaF9wcm9maWxlIiBdCiAgLSBbIHNoLCAteGMsICJlY2hvIHVtYXNrIDAyMiA+PiB+b3JhY2xlLy5iYXNoX3Byb2ZpbGUiIF0KICAtIFsgc2gsIC14YywgImVjaG8gb3JhY2xlIHNvZnQgbm9maWxlIDY1NTM2ID4+IC9ldGMvc2VjdXJpdHkvbGltaXRzLmNvbmYiIF0KICAtIFsgc2gsIC14YywgImVjaG8gb3JhY2xlIGhhcmQgbm9maWxlIDY1NTM2ID4+IC9ldGMvc2VjdXJpdHkvbGltaXRzLmNvbmYiIF0KICAtIFsgc2gsIC14YywgIm1rZGlyIC1wIC9vcHQvb21jIl0KICAtIFsgc2gsIC14YywgIm1rZGlyIC1wIC9vcHQvb21jL2luc3RhbGxlciJdCiAgLSBbIHNoLCAteGMsICJjaG93biAtUiBvcmFjbGU6b2luc3RhbGwgL29wdC9vbWMiXQogIC0gWyBzaCwgLXhjLCAicm5nZCAtciAvZGV2L3VyYW5kb20gLW8gL2Rldi9yYW5kb20iXQogIC0gWyBzaCwgLXhjLCAidG91Y2ggL3RtcC9zaWduYWwiXQoK",
                            "private_ip": "10.0.1.63",
                            "public_ip": "129.213.87.97",
                            "region": "iad",
                            "shape": "VM.Standard1.1",
                            "source_details.#": "1",
                            "source_details.0.boot_volume_size_in_gbs": "47",
                            "source_details.0.kms_key_id": "",
                            "source_details.0.source_id": "ocid1.image.oc1.iad.aaaaaaaa2tq67tvbeavcmioghquci6p3pvqwbneq3vfy7fe7m7geiga4cnxa",
                            "source_details.0.source_type": "image",
                            "state": "RUNNING",
                            "subnet_id": "ocid1.subnet.oc1.iad.aaaaaaaabxrxngnwdn2pvvhgkuypd73xrekn3r3wfb2ob5neatvbudvoddea",
                            "time_created": "2018-11-13 13:31:07.095 +0000 UTC",
                            "time_maintenance_reboot_due": ""
                        },
                        "meta": {
                            "e2bfb730-ecaa-11e6-8f88-34363bc7c4c0": {
                                "create": 7200000000000,
                                "delete": 7200000000000,
                                "update": 7200000000000
                            }
                        },
                        "tainted": false
                    },
                    "deposed": [],
                    "provider": "provider.oci"
                }
            },
            "depends_on": []
        },
        {
            "path": [
                "root",
                "oci_resources"
            ],
            "outputs": {
                "ads": {
                    "sensitive": false,
                    "type": "list",
                    "value": [
                        {
                            "compartment_id": "ocid1.tenancy.oc1..aaaaaaaaqaghoakhcdlsdsej676gkzli4gbeeqw3ge46kgnm224lagmfj4xq",
                            "name": "AhKQ:US-ASHBURN-AD-1"
                        },
                        {
                            "compartment_id": "ocid1.tenancy.oc1..aaaaaaaaqaghoakhcdlsdsej676gkzli4gbeeqw3ge46kgnm224lagmfj4xq",
                            "name": "AhKQ:US-ASHBURN-AD-2"
                        },
                        {
                            "compartment_id": "ocid1.tenancy.oc1..aaaaaaaaqaghoakhcdlsdsej676gkzli4gbeeqw3ge46kgnm224lagmfj4xq",
                            "name": "AhKQ:US-ASHBURN-AD-3"
                        }
                    ]
                },
                "compartments": {
                    "sensitive": false,
                    "type": "map",
                    "value": {
                        "Aditya-comp": "ocid1.compartment.oc1..aaaaaaaajdloco2usq6y24dudqirugj6ej44mpooogjes3penwtye4wp42uq",
                        "Beide_comp": "ocid1.compartment.oc1..aaaaaaaa3e52xahmmvx7v4n3rrsanp7rs5fzpopn54qym7dk4e4a47ulixtq",
                        "Bellas-Demo": "ocid1.compartment.oc1..aaaaaaaajiiojhp2bxqmixrbzvmtdvjbqdeanecgysoyewj6peyjkqkkls7q",
                        "CiscoComp": "ocid1.compartment.oc1..aaaaaaaalnim2bbljtix4utlhpo2zqbdm6ukvalayfxrzpybnrhdbkbnfriq",
                        "Eugene-comp": "ocid1.compartment.oc1..aaaaaaaaowvp6a2qup5vp3pvlyxthpoetd46q22vscvy4w7m3hryuczixuvq",
                        "Hadas-comp": "ocid1.compartment.oc1..aaaaaaaaowdy7jndscef32bid4f2umedctkg2ggc2357f7l4lscawxr4yg2a",
                        "Jag-comp": "ocid1.compartment.oc1..aaaaaaaaflize4z6plpi6pja3osxrax3jkpbopanksqifmnl5s5wcuwdyyhq",
                        "Jeff-comp": "ocid1.compartment.oc1..aaaaaaaafi4svitnwdmpppeita6cr4fky6vyp26bvnwz6lqhpzdl3q7txwpa",
                        "JeffD-comp": "ocid1.compartment.oc1..aaaaaaaaz2temo62zss5ppgcqaqqifojdhk6ku6pmc2vbcihmvmtzavy7wjq",
                        "Jorge-comp": "ocid1.compartment.oc1..aaaaaaaaqdhhoz5ab7ifeclylp22ti2e7jnjzss3rqqx7xqzigvggbgf5yvq",
                        "Justin-comp": "ocid1.compartment.oc1..aaaaaaaaizru33epbgncwirfqbdvcvbf4sxhfdckyhmtrttlxh2khqo2efnq",
                        "Marcus-comp": "ocid1.compartment.oc1..aaaaaaaaogfbibxftvbbfpjlg6ozxny2mog7dvm5i4awulc6vmxmc7rbeuta",
                        "Michael-comp": "ocid1.compartment.oc1..aaaaaaaatgna7fwcdfs4erysv3dtnvqemqusudkmyhkj2j4bepskk4qmunpq",
                        "OCIWorkshop-comp": "ocid1.compartment.oc1..aaaaaaaahehelvotjxpgwmvltx5aehytg5hl3yzutwfybpcz4fm7dstgjjna",
                        "OCI_Workshop": "ocid1.compartment.oc1..aaaaaaaaltxhxdxpmz2ofwoilg2qgp7ieqadu2yn7vlon5u4botn7kuywqta",
                        "Sharon-comp": "ocid1.compartment.oc1..aaaaaaaabotw3cfbidnkqatwv7mn5xtfky342dvzsq4bcuc3npjazwzl62sa",
                        "Venkat-comp": "ocid1.compartment.oc1..aaaaaaaa4hiinrbyrhcir6ru3hmgvn3defe7rvupmewt73dzacsfk45c4k2a",
                        "Vilas-comp": "ocid1.compartment.oc1..aaaaaaaa4nufxhtgkjk6ernbrzqhfotjaohfif2huvs5bmywx6kybmzi35ba",
                        "available_for_resuse": "ocid1.compartment.oc1..aaaaaaaao7vmy4d3giej24xt264hoqnlbt5722qaiul3ipc7hqvo6u26cjya",
                        "beide-comp.YDlkymeF": "ocid1.compartment.oc1..aaaaaaaayhevuzw36gj7h55syljmnr6jn2xh6hofdb7yybsua22ewdgu33kq",
                        "bella-comp.OhaV1HvO": "ocid1.compartment.oc1..aaaaaaaaz6bltxduj5a4u2zh3yec63vpmwh5ub2pdx2uik5prtacaiarg6wa",
                        "geoff-comp.evab8urc": "ocid1.compartment.oc1..aaaaaaaao3drevvdvvcwdr2txd3cdvhmhh4dgv2bk3jrgbafccxjaxrjzsva"
                    }
                },
                "images": {
                    "sensitive": false,
                    "type": "map",
                    "value": {
                        "Canonical-Ubuntu-14.04-2018.08.15-0": "ocid1.image.oc1.iad.aaaaaaaar3gj4752jbc2efc2ytugv37lx5pcmky5ppmkmahset6fzudfse2a",
                        "Canonical-Ubuntu-14.04-2018.09.19-0": "ocid1.image.oc1.iad.aaaaaaaa27bbh3lf5omuatuvpwvnr6koyusrpuv52suyheyygtxuxdnui6wq",
                        "Canonical-Ubuntu-14.04-2018.10.16-0": "ocid1.image.oc1.iad.aaaaaaaammdmnlixr4zrcpxegthuw3yro4rxf5h2mhgirvpzwdlf53um72iq",
                        "Canonical-Ubuntu-16.04-2018.08.15-0": "ocid1.image.oc1.iad.aaaaaaaa7keb3ok2deynxzsz7k5rondhuc7nt5vw6hf3q5xslyiepnqsi3aq",
                        "Canonical-Ubuntu-16.04-2018.09.19-0": "ocid1.image.oc1.iad.aaaaaaaa3vjsfaaz2ohzqubqz7kdlbtome2nplk3tcjomtbxt562gwqjfkwq",
                        "Canonical-Ubuntu-16.04-2018.10.16-0": "ocid1.image.oc1.iad.aaaaaaaaau7nws7rghq6ob22m5hqsf7gugskz7hm53n4tuv3kcpvgwio5kdq",
                        "Canonical-Ubuntu-16.04-Gen2-GPU-2018.08.15-0": "ocid1.image.oc1.iad.aaaaaaaapmjxgjo7zjfmsxy3qalalgrh3sm7aw4u6npzvmtpetsogkyuaisq",
                        "Canonical-Ubuntu-16.04-Gen2-GPU-2018.09.19-0": "ocid1.image.oc1.iad.aaaaaaaatok4lzqcpbkecbtm2d444275q3ra6gitf7vdqff7woicfprtqjea",
                        "Canonical-Ubuntu-16.04-Gen2-GPU-2018.10.16-0": "ocid1.image.oc1.iad.aaaaaaaatdy2cuea26em2fpwieho2tzujamkobqgzhwilwc2olshm54ihtna",
                        "Canonical-Ubuntu-18.04-2018.08.15-0": "ocid1.image.oc1.iad.aaaaaaaapx7m52arfwbm25ka5bqb7dcka64suou5yth7erg3ywgqorvq4doq",
                        "Canonical-Ubuntu-18.04-2018.09.19-0": "ocid1.image.oc1.iad.aaaaaaaahmblavdr6elu7gmt3jqtjcu2uitlzieb4jv3hh675sjqwadxv5pa",
                        "Canonical-Ubuntu-18.04-2018.10.16-0": "ocid1.image.oc1.iad.aaaaaaaabdnn67qceu5nkprpvlsifow6rywxm3gm7wzl4fr7ufcvvecblhgq",
                        "CentOS-6.10-2018.08.15-0": "ocid1.image.oc1.iad.aaaaaaaafjth3ljlnwsw2elccwu5igjer64bs3wkly2trqblbkv4ryen6qxq",
                        "CentOS-6.10-2018.09.19-0": "ocid1.image.oc1.iad.aaaaaaaarvcr776kfwzsozuwzjtqq3qq72p3pincmthy7bucvorrkr3t4kuq",
                        "CentOS-6.10-2018.10.12-0": "ocid1.image.oc1.iad.aaaaaaaakybww43czt2enogjvyuidduy7zi3eiv75rh5h3gwptaefejlujba",
                        "CentOS-7-2018.08.15-0": "ocid1.image.oc1.iad.aaaaaaaah6ui3hcaq7d43esyrfmyqb3mwuzn4uoxjlbbdwoiicdmntlvwpda",
                        "CentOS-7-2018.09.19-0": "ocid1.image.oc1.iad.aaaaaaaagdujmsshklwaskezsgonoq5o2whylk4ioqvojlbujeo6p2mw3piq",
                        "CentOS-7-2018.10.12-0": "ocid1.image.oc1.iad.aaaaaaaavujqgegoqyinkxzigumlwydq42vyf6nr3sfl7ram577zzlz2clpa",
                        "Oracle-Linux-6.10-2018.08.14-0": "ocid1.image.oc1.iad.aaaaaaaa6kbmads5tuf4ztjdrozwpknscrisu4uzcgu2fcq77armuhf4dfiq",
                        "Oracle-Linux-6.10-2018.09.25-0": "ocid1.image.oc1.iad.aaaaaaaadkzd3olmhauhkucuvbmpa3nisd2z6pfsq3bsft555bzca6exxcga",
                        "Oracle-Linux-6.10-2018.10.17-1": "ocid1.image.oc1.iad.aaaaaaaa4p7lmca6svxqpej3susnxv4mu6ktfi64tympnsxfptkgzsqevbcq",
                        "Oracle-Linux-7.5-2018.08.14-0": "ocid1.image.oc1.iad.aaaaaaaa2tq67tvbeavcmioghquci6p3pvqwbneq3vfy7fe7m7geiga4cnxa",
                        "Oracle-Linux-7.5-2018.09.25-0": "ocid1.image.oc1.iad.aaaaaaaaiu73xa6afjzskjwvt3j5shpmboxtlo7yw4xpeqpdz5czpde7px2a",
                        "Oracle-Linux-7.5-2018.10.16-0": "ocid1.image.oc1.iad.aaaaaaaageeenzyuxgia726xur4ztaoxbxyjlxogdhreu3ngfj2gji3bayda",
                        "Oracle-Linux-7.5-Gen2-GPU-2018.08.14-0": "ocid1.image.oc1.iad.aaaaaaaapq5wdwd7y2c57iqi3vduixk7oxwduni5cbtjmeskocg5thrlqo5a",
                        "Oracle-Linux-7.5-Gen2-GPU-2018.09.25-0": "ocid1.image.oc1.iad.aaaaaaaaaldtzd3czlcc3qma3tewagjimeidznhegzzakrnliof4wynz2q7q",
                        "Oracle-Linux-7.5-Gen2-GPU-2018.10.16-0": "ocid1.image.oc1.iad.aaaaaaaauai7xdsfcole37qx65vlx2q4irxjargla47247hyghkqiugzshuq",
                        "Windows-Server-2008-R2-Enterprise-Edition-VM-2018.08.15-0": "ocid1.image.oc1.iad.aaaaaaaaxhnr4qsguvug7wxmdivfax2b7efhltwk3ygal7ra2bfqigr5husq",
                        "Windows-Server-2008-R2-Enterprise-Edition-VM-2018.09.13-0": "ocid1.image.oc1.iad.aaaaaaaazp4ofmtrhyoptlltf7n7tpziykwdfogazfsca7u6u3rqzhquwvpq",
                        "Windows-Server-2008-R2-Enterprise-Edition-VM-2018.10.10-0": "ocid1.image.oc1.iad.aaaaaaaam4qw4xjqyektdkhcvozzd4lxdsxxjjpnnqmxk3cbe3jtdrxuxplq",
                        "Windows-Server-2008-R2-Enterprise-Edition-VM-Gen2-2018.08.15-0": "ocid1.image.oc1.iad.aaaaaaaalvuaindrwbhm3s7xwxn6vism3hwzu6jq643ouqi445ailt6aqtda",
                        "Windows-Server-2008-R2-Enterprise-Edition-VM-Gen2-2018.09.12-0": "ocid1.image.oc1.iad.aaaaaaaaywq6nhaxcozzb3ufgaaxap5a72p2hzxfrhsinroavhqes27onlua",
                        "Windows-Server-2008-R2-Enterprise-Edition-VM-Gen2-2018.10.10-0": "ocid1.image.oc1.iad.aaaaaaaauzg4rj5qc3v36w7pgqdixvxdg4lj4po6bswawwgxlbehwurj3d7a",
                        "Windows-Server-2012-R2-Datacenter-Edition-BM-2018.08.15-0": "ocid1.image.oc1.iad.aaaaaaaahsl4qidvpw37336s5qhj4x3q5togdp5ieqmk5px5y3exltznigda",
                        "Windows-Server-2012-R2-Datacenter-Edition-BM-2018.09.12-0": "ocid1.image.oc1.iad.aaaaaaaa5azrqm4p2fexuc774smwpykua4sim3xrvh55yikvc7nz2jmlqqfa",
                        "Windows-Server-2012-R2-Datacenter-Edition-BM-2018.10.10-0": "ocid1.image.oc1.iad.aaaaaaaaxzui6ufuzdfqupv2krxye3vbrhf4zbuzg2f75nerzxqpdcah3jya",
                        "Windows-Server-2012-R2-Datacenter-Edition-BM-Gen2-2018.08.15-0": "ocid1.image.oc1.iad.aaaaaaaaktlusvpweohbtxpliothz3zao4ktennvbgftfvpxyplavyo5iv7a",
                        "Windows-Server-2012-R2-Datacenter-Edition-BM-Gen2-2018.09.11-0": "ocid1.image.oc1.iad.aaaaaaaa5vwrm475wgvvtgnjymag43rdkbs2am5qvuluxenuispxzorefrqa",
                        "Windows-Server-2012-R2-Datacenter-Edition-BM-Gen2-2018.10.11-0": "ocid1.image.oc1.iad.aaaaaaaa53235bvapcyaw34ve6pwr65uxywasuofoo5j6viut3ugsdddi7sq",
                        "Windows-Server-2012-R2-Datacenter-Edition-BM-Gen2-DenseIO-2018.08.15-0": "ocid1.image.oc1.iad.aaaaaaaaglspg63kbwrrskubsoglohbbowzck5355marj2eixk2rqilfbyja",
                        "Windows-Server-2012-R2-Datacenter-Edition-BM-Gen2-DenseIO-2018.09.11-0": "ocid1.image.oc1.iad.aaaaaaaaubymy5ykbscumyjhzekeusflfapjjpchix6hyasrxhuzdi5ox2pq",
                        "Windows-Server-2012-R2-Datacenter-Edition-BM-Gen2-DenseIO-2018.10.10-0": "ocid1.image.oc1.iad.aaaaaaaaeapp2x7hsoqk5rlhvmjbgk7d3ddsluounwtgovknnidnkcqqo7aq",
                        "Windows-Server-2012-R2-Datacenter-Edition-BM-Gen2-E2-2018.10.17-0": "ocid1.image.oc1.iad.aaaaaaaadebtii3sibo22e4zabixkbbxosyowmu7bya73fnjfpdqtlgcs5ra",
                        "Windows-Server-2012-R2-Standard-Edition-VM-2018.08.14-0": "ocid1.image.oc1.iad.aaaaaaaasux3wm7lgdzdt5ypt7qqxfixkhukp7obhoofzanl7rz5seq6rfza",
                        "Windows-Server-2012-R2-Standard-Edition-VM-2018.09.11-0": "ocid1.image.oc1.iad.aaaaaaaa6svo5jqjp2kwxhgvdkfg62kkqgcwcka75uargcw4lc4s2nu7ot7a",
                        "Windows-Server-2012-R2-Standard-Edition-VM-2018.10.10-0": "ocid1.image.oc1.iad.aaaaaaaa3xpnmc2ddnkxwsuu2tvzrbhxxhgnpyfym62gbtnnmt745ohrq5ba",
                        "Windows-Server-2012-R2-Standard-Edition-VM-Gen2-2018.08.14-0": "ocid1.image.oc1.iad.aaaaaaaageddkgkum5szs6wgqjaz2ajt6i5brbg3gubmp67veqvbod2zabka",
                        "Windows-Server-2012-R2-Standard-Edition-VM-Gen2-2018.09.11-0": "ocid1.image.oc1.iad.aaaaaaaanhy6ll23jvme3mnzijksog5ilng3gzurwhhlkzflvqzwwg7swyua",
                        "Windows-Server-2012-R2-Standard-Edition-VM-Gen2-2018.10.12-0": "ocid1.image.oc1.iad.aaaaaaaaxgzzrdoge7zxrjtmjqjhicaxsujljvaju3mbwryo5x5k5axlmsza",
                        "Windows-Server-2016-Datacenter-Edition-BM-Gen2-2018.08.16-0": "ocid1.image.oc1.iad.aaaaaaaamznk7qavz2fboa77kpi5w5xueqrbn7xmh2rrxsdt4l54oyol6w5q",
                        "Windows-Server-2016-Datacenter-Edition-BM-Gen2-2018.09.12-0": "ocid1.image.oc1.iad.aaaaaaaamqqid3ryhnxzykass66z4rbrgynjrbf4urjqo3bhjyt7lappqtsa",
                        "Windows-Server-2016-Datacenter-Edition-BM-Gen2-2018.10.11-0": "ocid1.image.oc1.iad.aaaaaaaa4572ce7akirhzpf2zqajohvbhl2w5aibu3plsumghyse324grdma",
                        "Windows-Server-2016-Datacenter-Edition-BM-Gen2-DenseIO-2018.08.16-0": "ocid1.image.oc1.iad.aaaaaaaatach4vk7fk7wgwocr7fjunzwagz3bygj4mc7axajdokfwnuwsibq",
                        "Windows-Server-2016-Datacenter-Edition-BM-Gen2-DenseIO-2018.09.18-0": "ocid1.image.oc1.iad.aaaaaaaapczcdb6ykgjhux5wtcosf34zjlgq73tqudzyhj5ud3fyj65fdeca",
                        "Windows-Server-2016-Datacenter-Edition-BM-Gen2-DenseIO-2018.10.10-0": "ocid1.image.oc1.iad.aaaaaaaa4alutrrrvlzfgsugnr62kg3cfucmpdxpavoyz7pdh7uxnjvt5ema",
                        "Windows-Server-2016-Datacenter-Edition-BM-Gen2-E2-2018.10.17-0": "ocid1.image.oc1.iad.aaaaaaaa63ab3layl624eppadqr3f5qpjem2hvdsinxyembasbbchh6uok5a",
                        "Windows-Server-2016-Standard-Edition-VM-Gen2-2018.08.16-0": "ocid1.image.oc1.iad.aaaaaaaaz43cwpkndgjk35uqqb7hpp6a52boci6rsf7ctkyzviqaosg6m3aq",
                        "Windows-Server-2016-Standard-Edition-VM-Gen2-2018.09.21-0": "ocid1.image.oc1.iad.aaaaaaaa7rzogee6x7pqwgsgvrlun3vcyxgipqjxbvb37urvqwedxbrut6ha",
                        "Windows-Server-2016-Standard-Edition-VM-Gen2-2018.10.13-0": "ocid1.image.oc1.iad.aaaaaaaaxivvf5tcbyto4gmweykmxcq6bx2viznlrycqgdwbjascxyky5e2q"
                    }
                }
            },
            "resources": {
                "data.oci_core_images.imageList": {
                    "type": "oci_core_images",
                    "depends_on": [],
                    "primary": {
                        "id": "2018-11-13 13:30:57.0168834 +0000 UTC",
                        "attributes": {
                            "compartment_id": "ocid1.tenancy.oc1..aaaaaaaaqaghoakhcdlsdsej676gkzli4gbeeqw3ge46kgnm224lagmfj4xq",
                            "id": "2018-11-13 13:30:57.0168834 +0000 UTC",
                            "images.#": "59",
                            "images.0.base_image_id": "",
                            "images.0.compartment_id": "",
                            "images.0.create_image_allowed": "true",
                            "images.0.defined_tags.%": "0",
                            "images.0.display_name": "Windows-Server-2016-Standard-Edition-VM-Gen2-2018.10.13-0",
                            "images.0.freeform_tags.%": "0",
                            "images.0.id": "ocid1.image.oc1.iad.aaaaaaaaxivvf5tcbyto4gmweykmxcq6bx2viznlrycqgdwbjascxyky5e2q",
                            "images.0.image_source_details.#": "0",
                            "images.0.instance_id": "",
                            "images.0.launch_mode": "NATIVE",
                            "images.0.launch_options.#": "1",
                            "images.0.launch_options.0.boot_volume_type": "PARAVIRTUALIZED",
                            "images.0.launch_options.0.firmware": "UEFI_64",
                            "images.0.launch_options.0.network_type": "VFIO",
                            "images.0.launch_options.0.remote_data_volume_type": "PARAVIRTUALIZED",
                            "images.0.operating_system": "Windows",
                            "images.0.operating_system_version": "Server 2016 Standard",
                            "images.0.size_in_mbs": "262144",
                            "images.0.state": "AVAILABLE",
                            "images.0.time_created": "2018-10-13 15:52:35.101 +0000 UTC",
                            "images.1.base_image_id": "",
                            "images.1.compartment_id": "",
                            "images.1.create_image_allowed": "true",
                            "images.1.defined_tags.%": "0",
                            "images.1.display_name": "Windows-Server-2016-Standard-Edition-VM-Gen2-2018.09.21-0",
                            "images.1.freeform_tags.%": "0",
                            "images.1.id": "ocid1.image.oc1.iad.aaaaaaaa7rzogee6x7pqwgsgvrlun3vcyxgipqjxbvb37urvqwedxbrut6ha",
                            "images.1.image_source_details.#": "0",
                            "images.1.instance_id": "",
                            "images.1.launch_mode": "NATIVE",
                            "images.1.launch_options.#": "1",
                            "images.1.launch_options.0.boot_volume_type": "PARAVIRTUALIZED",
                            "images.1.launch_options.0.firmware": "UEFI_64",
                            "images.1.launch_options.0.network_type": "VFIO",
                            "images.1.launch_options.0.remote_data_volume_type": "PARAVIRTUALIZED",
                            "images.1.operating_system": "Windows",
                            "images.1.operating_system_version": "Server 2016 Standard",
                            "images.1.size_in_mbs": "262144",
                            "images.1.state": "AVAILABLE",
                            "images.1.time_created": "2018-09-21 06:41:54.692 +0000 UTC",
                            "images.10.base_image_id": "",
                            "images.10.compartment_id": "",
                            "images.10.create_image_allowed": "true",
                            "images.10.defined_tags.%": "0",
                            "images.10.display_name": "Windows-Server-2012-R2-Standard-Edition-VM-Gen2-2018.10.12-0",
                            "images.10.freeform_tags.%": "0",
                            "images.10.id": "ocid1.image.oc1.iad.aaaaaaaaxgzzrdoge7zxrjtmjqjhicaxsujljvaju3mbwryo5x5k5axlmsza",
                            "images.10.image_source_details.#": "0",
                            "images.10.instance_id": "",
                            "images.10.launch_mode": "NATIVE",
                            "images.10.launch_options.#": "1",
                            "images.10.launch_options.0.boot_volume_type": "ISCSI",
                            "images.10.launch_options.0.firmware": "UEFI_64",
                            "images.10.launch_options.0.network_type": "VFIO",
                            "images.10.launch_options.0.remote_data_volume_type": "PARAVIRTUALIZED",
                            "images.10.operating_system": "Windows",
                            "images.10.operating_system_version": "Server 2012 R2 Standard",
                            "images.10.size_in_mbs": "262144",
                            "images.10.state": "AVAILABLE",
                            "images.10.time_created": "2018-10-12 18:51:29.676 +0000 UTC",
                            "images.11.base_image_id": "",
                            "images.11.compartment_id": "",
                            "images.11.create_image_allowed": "true",
                            "images.11.defined_tags.%": "0",
                            "images.11.display_name": "Windows-Server-2012-R2-Standard-Edition-VM-Gen2-2018.09.11-0",
                            "images.11.freeform_tags.%": "0",
                            "images.11.id": "ocid1.image.oc1.iad.aaaaaaaanhy6ll23jvme3mnzijksog5ilng3gzurwhhlkzflvqzwwg7swyua",
                            "images.11.image_source_details.#": "0",
                            "images.11.instance_id": "",
                            "images.11.launch_mode": "NATIVE",
                            "images.11.launch_options.#": "1",
                            "images.11.launch_options.0.boot_volume_type": "PARAVIRTUALIZED",
                            "images.11.launch_options.0.firmware": "UEFI_64",
                            "images.11.launch_options.0.network_type": "VFIO",
                            "images.11.launch_options.0.remote_data_volume_type": "PARAVIRTUALIZED",
                            "images.11.operating_system": "Windows",
                            "images.11.operating_system_version": "Server 2012 R2 Standard",
                            "images.11.size_in_mbs": "262144",
                            "images.11.state": "AVAILABLE",
                            "images.11.time_created": "2018-09-11 23:58:05.625 +0000 UTC",
                            "images.12.base_image_id": "",
                            "images.12.compartment_id": "",
                            "images.12.create_image_allowed": "true",
                            "images.12.defined_tags.%": "0",
                            "images.12.display_name": "Windows-Server-2012-R2-Standard-Edition-VM-Gen2-2018.08.14-0",
                            "images.12.freeform_tags.%": "0",
                            "images.12.id": "ocid1.image.oc1.iad.aaaaaaaageddkgkum5szs6wgqjaz2ajt6i5brbg3gubmp67veqvbod2zabka",
                            "images.12.image_source_details.#": "0",
                            "images.12.instance_id": "",
                            "images.12.launch_mode": "NATIVE",
                            "images.12.launch_options.#": "1",
                            "images.12.launch_options.0.boot_volume_type": "PARAVIRTUALIZED",
                            "images.12.launch_options.0.firmware": "UEFI_64",
                            "images.12.launch_options.0.network_type": "VFIO",
                            "images.12.launch_options.0.remote_data_volume_type": "PARAVIRTUALIZED",
                            "images.12.operating_system": "Windows",
                            "images.12.operating_system_version": "Server 2012 R2 Standard",
                            "images.12.size_in_mbs": "262144",
                            "images.12.state": "AVAILABLE",
                            "images.12.time_created": "2018-08-14 23:33:57.368 +0000 UTC",
                            "images.13.base_image_id": "",
                            "images.13.compartment_id": "",
                            "images.13.create_image_allowed": "true",
                            "images.13.defined_tags.%": "0",
                            "images.13.display_name": "Windows-Server-2012-R2-Standard-Edition-VM-2018.10.10-0",
                            "images.13.freeform_tags.%": "0",
                            "images.13.id": "ocid1.image.oc1.iad.aaaaaaaa3xpnmc2ddnkxwsuu2tvzrbhxxhgnpyfym62gbtnnmt745ohrq5ba",
                            "images.13.image_source_details.#": "0",
                            "images.13.instance_id": "",
                            "images.13.launch_mode": "NATIVE",
                            "images.13.launch_options.#": "1",
                            "images.13.launch_options.0.boot_volume_type": "PARAVIRTUALIZED",
                            "images.13.launch_options.0.firmware": "UEFI_64",
                            "images.13.launch_options.0.network_type": "VFIO",
                            "images.13.launch_options.0.remote_data_volume_type": "PARAVIRTUALIZED",
                            "images.13.operating_system": "Windows",
                            "images.13.operating_system_version": "Server 2012 R2 Standard",
                            "images.13.size_in_mbs": "262144",
                            "images.13.state": "AVAILABLE",
                            "images.13.time_created": "2018-10-11 19:51:01.554 +0000 UTC",
                            "images.14.base_image_id": "",
                            "images.14.compartment_id": "",
                            "images.14.create_image_allowed": "true",
                            "images.14.defined_tags.%": "0",
                            "images.14.display_name": "Windows-Server-2012-R2-Standard-Edition-VM-2018.09.11-0",
                            "images.14.freeform_tags.%": "0",
                            "images.14.id": "ocid1.image.oc1.iad.aaaaaaaa6svo5jqjp2kwxhgvdkfg62kkqgcwcka75uargcw4lc4s2nu7ot7a",
                            "images.14.image_source_details.#": "0",
                            "images.14.instance_id": "",
                            "images.14.launch_mode": "NATIVE",
                            "images.14.launch_options.#": "1",
                            "images.14.launch_options.0.boot_volume_type": "PARAVIRTUALIZED",
                            "images.14.launch_options.0.firmware": "UEFI_64",
                            "images.14.launch_options.0.network_type": "VFIO",
                            "images.14.launch_options.0.remote_data_volume_type": "PARAVIRTUALIZED",
                            "images.14.operating_system": "Windows",
                            "images.14.operating_system_version": "Server 2012 R2 Standard",
                            "images.14.size_in_mbs": "262144",
                            "images.14.state": "AVAILABLE",
                            "images.14.time_created": "2018-09-11 23:18:15.531 +0000 UTC",
                            "images.15.base_image_id": "",
                            "images.15.compartment_id": "",
                            "images.15.create_image_allowed": "true",
                            "images.15.defined_tags.%": "0",
                            "images.15.display_name": "Windows-Server-2012-R2-Standard-Edition-VM-2018.08.14-0",
                            "images.15.freeform_tags.%": "0",
                            "images.15.id": "ocid1.image.oc1.iad.aaaaaaaasux3wm7lgdzdt5ypt7qqxfixkhukp7obhoofzanl7rz5seq6rfza",
                            "images.15.image_source_details.#": "0",
                            "images.15.instance_id": "",
                            "images.15.launch_mode": "NATIVE",
                            "images.15.launch_options.#": "1",
                            "images.15.launch_options.0.boot_volume_type": "PARAVIRTUALIZED",
                            "images.15.launch_options.0.firmware": "UEFI_64",
                            "images.15.launch_options.0.network_type": "VFIO",
                            "images.15.launch_options.0.remote_data_volume_type": "PARAVIRTUALIZED",
                            "images.15.operating_system": "Windows",
                            "images.15.operating_system_version": "Server 2012 R2 Standard",
                            "images.15.size_in_mbs": "262144",
                            "images.15.state": "AVAILABLE",
                            "images.15.time_created": "2018-08-15 16:23:04.432 +0000 UTC",
                            "images.16.base_image_id": "",
                            "images.16.compartment_id": "",
                            "images.16.create_image_allowed": "true",
                            "images.16.defined_tags.%": "0",
                            "images.16.display_name": "Windows-Server-2012-R2-Datacenter-Edition-BM-Gen2-E2-2018.10.17-0",
                            "images.16.freeform_tags.%": "0",
                            "images.16.id": "ocid1.image.oc1.iad.aaaaaaaadebtii3sibo22e4zabixkbbxosyowmu7bya73fnjfpdqtlgcs5ra",
                            "images.16.image_source_details.#": "0",
                            "images.16.instance_id": "",
                            "images.16.launch_mode": "NATIVE",
                            "images.16.launch_options.#": "1",
                            "images.16.launch_options.0.boot_volume_type": "PARAVIRTUALIZED",
                            "images.16.launch_options.0.firmware": "UEFI_64",
                            "images.16.launch_options.0.network_type": "VFIO",
                            "images.16.launch_options.0.remote_data_volume_type": "PARAVIRTUALIZED",
                            "images.16.operating_system": "Windows",
                            "images.16.operating_system_version": "Server 2012 R2 Datacenter",
                            "images.16.size_in_mbs": "262144",
                            "images.16.state": "AVAILABLE",
                            "images.16.time_created": "2018-10-17 09:47:39.005 +0000 UTC",
                            "images.17.base_image_id": "",
                            "images.17.compartment_id": "",
                            "images.17.create_image_allowed": "true",
                            "images.17.defined_tags.%": "0",
                            "images.17.display_name": "Windows-Server-2012-R2-Datacenter-Edition-BM-Gen2-DenseIO-2018.10.10-0",
                            "images.17.freeform_tags.%": "0",
                            "images.17.id": "ocid1.image.oc1.iad.aaaaaaaaeapp2x7hsoqk5rlhvmjbgk7d3ddsluounwtgovknnidnkcqqo7aq",
                            "images.17.image_source_details.#": "0",
                            "images.17.instance_id": "",
                            "images.17.launch_mode": "NATIVE",
                            "images.17.launch_options.#": "1",
                            "images.17.launch_options.0.boot_volume_type": "PARAVIRTUALIZED",
                            "images.17.launch_options.0.firmware": "UEFI_64",
                            "images.17.launch_options.0.network_type": "VFIO",
                            "images.17.launch_options.0.remote_data_volume_type": "PARAVIRTUALIZED",
                            "images.17.operating_system": "Windows",
                            "images.17.operating_system_version": "Server 2012 R2 Datacenter",
                            "images.17.size_in_mbs": "262144",
                            "images.17.state": "AVAILABLE",
                            "images.17.time_created": "2018-10-10 04:27:41.688 +0000 UTC",
                            "images.18.base_image_id": "",
                            "images.18.compartment_id": "",
                            "images.18.create_image_allowed": "true",
                            "images.18.defined_tags.%": "0",
                            "images.18.display_name": "Windows-Server-2012-R2-Datacenter-Edition-BM-Gen2-DenseIO-2018.09.11-0",
                            "images.18.freeform_tags.%": "0",
                            "images.18.id": "ocid1.image.oc1.iad.aaaaaaaaubymy5ykbscumyjhzekeusflfapjjpchix6hyasrxhuzdi5ox2pq",
                            "images.18.image_source_details.#": "0",
                            "images.18.instance_id": "",
                            "images.18.launch_mode": "NATIVE",
                            "images.18.launch_options.#": "1",
                            "images.18.launch_options.0.boot_volume_type": "PARAVIRTUALIZED",
                            "images.18.launch_options.0.firmware": "UEFI_64",
                            "images.18.launch_options.0.network_type": "VFIO",
                            "images.18.launch_options.0.remote_data_volume_type": "PARAVIRTUALIZED",
                            "images.18.operating_system": "Windows",
                            "images.18.operating_system_version": "Server 2012 R2 Datacenter",
                            "images.18.size_in_mbs": "262144",
                            "images.18.state": "AVAILABLE",
                            "images.18.time_created": "2018-09-11 23:54:57.751 +0000 UTC",
                            "images.19.base_image_id": "",
                            "images.19.compartment_id": "",
                            "images.19.create_image_allowed": "true",
                            "images.19.defined_tags.%": "0",
                            "images.19.display_name": "Windows-Server-2012-R2-Datacenter-Edition-BM-Gen2-DenseIO-2018.08.15-0",
                            "images.19.freeform_tags.%": "0",
                            "images.19.id": "ocid1.image.oc1.iad.aaaaaaaaglspg63kbwrrskubsoglohbbowzck5355marj2eixk2rqilfbyja",
                            "images.19.image_source_details.#": "0",
                            "images.19.instance_id": "",
                            "images.19.launch_mode": "NATIVE",
                            "images.19.launch_options.#": "1",
                            "images.19.launch_options.0.boot_volume_type": "ISCSI",
                            "images.19.launch_options.0.firmware": "UEFI_64",
                            "images.19.launch_options.0.network_type": "VFIO",
                            "images.19.launch_options.0.remote_data_volume_type": "PARAVIRTUALIZED",
                            "images.19.operating_system": "Windows",
                            "images.19.operating_system_version": "Server 2012 R2 Datacenter",
                            "images.19.size_in_mbs": "262144",
                            "images.19.state": "AVAILABLE",
                            "images.19.time_created": "2018-08-15 00:03:52.377 +0000 UTC",
                            "images.2.base_image_id": "",
                            "images.2.compartment_id": "",
                            "images.2.create_image_allowed": "true",
                            "images.2.defined_tags.%": "0",
                            "images.2.display_name": "Windows-Server-2016-Standard-Edition-VM-Gen2-2018.08.16-0",
                            "images.2.freeform_tags.%": "0",
                            "images.2.id": "ocid1.image.oc1.iad.aaaaaaaaz43cwpkndgjk35uqqb7hpp6a52boci6rsf7ctkyzviqaosg6m3aq",
                            "images.2.image_source_details.#": "0",
                            "images.2.instance_id": "",
                            "images.2.launch_mode": "NATIVE",
                            "images.2.launch_options.#": "1",
                            "images.2.launch_options.0.boot_volume_type": "PARAVIRTUALIZED",
                            "images.2.launch_options.0.firmware": "UEFI_64",
                            "images.2.launch_options.0.network_type": "VFIO",
                            "images.2.launch_options.0.remote_data_volume_type": "PARAVIRTUALIZED",
                            "images.2.operating_system": "Windows",
                            "images.2.operating_system_version": "Server 2016 Standard",
                            "images.2.size_in_mbs": "262144",
                            "images.2.state": "AVAILABLE",
                            "images.2.time_created": "2018-08-17 23:14:13.679 +0000 UTC",
                            "images.20.base_image_id": "",
                            "images.20.compartment_id": "",
                            "images.20.create_image_allowed": "true",
                            "images.20.defined_tags.%": "0",
                            "images.20.display_name": "Windows-Server-2012-R2-Datacenter-Edition-BM-Gen2-2018.10.11-0",
                            "images.20.freeform_tags.%": "0",
                            "images.20.id": "ocid1.image.oc1.iad.aaaaaaaa53235bvapcyaw34ve6pwr65uxywasuofoo5j6viut3ugsdddi7sq",
                            "images.20.image_source_details.#": "0",
                            "images.20.instance_id": "",
                            "images.20.launch_mode": "NATIVE",
                            "images.20.launch_options.#": "1",
                            "images.20.launch_options.0.boot_volume_type": "PARAVIRTUALIZED",
                            "images.20.launch_options.0.firmware": "UEFI_64",
                            "images.20.launch_options.0.network_type": "VFIO",
                            "images.20.launch_options.0.remote_data_volume_type": "PARAVIRTUALIZED",
                            "images.20.operating_system": "Windows",
                            "images.20.operating_system_version": "Server 2012 R2 Datacenter",
                            "images.20.size_in_mbs": "262144",
                            "images.20.state": "AVAILABLE",
                            "images.20.time_created": "2018-10-11 21:10:26.478 +0000 UTC",
                            "images.21.base_image_id": "",
                            "images.21.compartment_id": "",
                            "images.21.create_image_allowed": "true",
                            "images.21.defined_tags.%": "0",
                            "images.21.display_name": "Windows-Server-2012-R2-Datacenter-Edition-BM-Gen2-2018.09.11-0",
                            "images.21.freeform_tags.%": "0",
                            "images.21.id": "ocid1.image.oc1.iad.aaaaaaaa5vwrm475wgvvtgnjymag43rdkbs2am5qvuluxenuispxzorefrqa",
                            "images.21.image_source_details.#": "0",
                            "images.21.instance_id": "",
                            "images.21.launch_mode": "NATIVE",
                            "images.21.launch_options.#": "1",
                            "images.21.launch_options.0.boot_volume_type": "PARAVIRTUALIZED",
                            "images.21.launch_options.0.firmware": "UEFI_64",
                            "images.21.launch_options.0.network_type": "VFIO",
                            "images.21.launch_options.0.remote_data_volume_type": "PARAVIRTUALIZED",
                            "images.21.operating_system": "Windows",
                            "images.21.operating_system_version": "Server 2012 R2 Datacenter",
                            "images.21.size_in_mbs": "262144",
                            "images.21.state": "AVAILABLE",
                            "images.21.time_created": "2018-09-11 23:54:47.231 +0000 UTC",
                            "images.22.base_image_id": "",
                            "images.22.compartment_id": "",
                            "images.22.create_image_allowed": "true",
                            "images.22.defined_tags.%": "0",
                            "images.22.display_name": "Windows-Server-2012-R2-Datacenter-Edition-BM-Gen2-2018.08.15-0",
                            "images.22.freeform_tags.%": "0",
                            "images.22.id": "ocid1.image.oc1.iad.aaaaaaaaktlusvpweohbtxpliothz3zao4ktennvbgftfvpxyplavyo5iv7a",
                            "images.22.image_source_details.#": "0",
                            "images.22.instance_id": "",
                            "images.22.launch_mode": "NATIVE",
                            "images.22.launch_options.#": "1",
                            "images.22.launch_options.0.boot_volume_type": "ISCSI",
                            "images.22.launch_options.0.firmware": "UEFI_64",
                            "images.22.launch_options.0.network_type": "VFIO",
                            "images.22.launch_options.0.remote_data_volume_type": "PARAVIRTUALIZED",
                            "images.22.operating_system": "Windows",
                            "images.22.operating_system_version": "Server 2012 R2 Datacenter",
                            "images.22.size_in_mbs": "262144",
                            "images.22.state": "AVAILABLE",
                            "images.22.time_created": "2018-08-15 00:06:15.306 +0000 UTC",
                            "images.23.base_image_id": "",
                            "images.23.compartment_id": "",
                            "images.23.create_image_allowed": "true",
                            "images.23.defined_tags.%": "0",
                            "images.23.display_name": "Windows-Server-2012-R2-Datacenter-Edition-BM-2018.10.10-0",
                            "images.23.freeform_tags.%": "0",
                            "images.23.id": "ocid1.image.oc1.iad.aaaaaaaaxzui6ufuzdfqupv2krxye3vbrhf4zbuzg2f75nerzxqpdcah3jya",
                            "images.23.image_source_details.#": "0",
                            "images.23.instance_id": "",
                            "images.23.launch_mode": "NATIVE",
                            "images.23.launch_options.#": "1",
                            "images.23.launch_options.0.boot_volume_type": "PARAVIRTUALIZED",
                            "images.23.launch_options.0.firmware": "UEFI_64",
                            "images.23.launch_options.0.network_type": "VFIO",
                            "images.23.launch_options.0.remote_data_volume_type": "PARAVIRTUALIZED",
                            "images.23.operating_system": "Windows",
                            "images.23.operating_system_version": "Server 2012 R2 Datacenter",
                            "images.23.size_in_mbs": "262144",
                            "images.23.state": "AVAILABLE",
                            "images.23.time_created": "2018-10-10 05:35:22.632 +0000 UTC",
                            "images.24.base_image_id": "",
                            "images.24.compartment_id": "",
                            "images.24.create_image_allowed": "true",
                            "images.24.defined_tags.%": "0",
                            "images.24.display_name": "Windows-Server-2012-R2-Datacenter-Edition-BM-2018.09.12-0",
                            "images.24.freeform_tags.%": "0",
                            "images.24.id": "ocid1.image.oc1.iad.aaaaaaaa5azrqm4p2fexuc774smwpykua4sim3xrvh55yikvc7nz2jmlqqfa",
                            "images.24.image_source_details.#": "0",
                            "images.24.instance_id": "",
                            "images.24.launch_mode": "NATIVE",
                            "images.24.launch_options.#": "1",
                            "images.24.launch_options.0.boot_volume_type": "PARAVIRTUALIZED",
                            "images.24.launch_options.0.firmware": "UEFI_64",
                            "images.24.launch_options.0.network_type": "VFIO",
                            "images.24.launch_options.0.remote_data_volume_type": "PARAVIRTUALIZED",
                            "images.24.operating_system": "Windows",
                            "images.24.operating_system_version": "Server 2012 R2 Datacenter",
                            "images.24.size_in_mbs": "262144",
                            "images.24.state": "AVAILABLE",
                            "images.24.time_created": "2018-09-12 01:46:47.361 +0000 UTC",
                            "images.25.base_image_id": "",
                            "images.25.compartment_id": "",
                            "images.25.create_image_allowed": "true",
                            "images.25.defined_tags.%": "0",
                            "images.25.display_name": "Windows-Server-2012-R2-Datacenter-Edition-BM-2018.08.15-0",
                            "images.25.freeform_tags.%": "0",
                            "images.25.id": "ocid1.image.oc1.iad.aaaaaaaahsl4qidvpw37336s5qhj4x3q5togdp5ieqmk5px5y3exltznigda",
                            "images.25.image_source_details.#": "0",
                            "images.25.instance_id": "",
                            "images.25.launch_mode": "NATIVE",
                            "images.25.launch_options.#": "1",
                            "images.25.launch_options.0.boot_volume_type": "ISCSI",
                            "images.25.launch_options.0.firmware": "UEFI_64",
                            "images.25.launch_options.0.network_type": "VFIO",
                            "images.25.launch_options.0.remote_data_volume_type": "PARAVIRTUALIZED",
                            "images.25.operating_system": "Windows",
                            "images.25.operating_system_version": "Server 2012 R2 Datacenter",
                            "images.25.size_in_mbs": "262144",
                            "images.25.state": "AVAILABLE",
                            "images.25.time_created": "2018-08-15 02:55:19.216 +0000 UTC",
                            "images.26.base_image_id": "",
                            "images.26.compartment_id": "",
                            "images.26.create_image_allowed": "true",
                            "images.26.defined_tags.%": "0",
                            "images.26.display_name": "Windows-Server-2008-R2-Enterprise-Edition-VM-Gen2-2018.10.10-0",
                            "images.26.freeform_tags.%": "0",
                            "images.26.id": "ocid1.image.oc1.iad.aaaaaaaauzg4rj5qc3v36w7pgqdixvxdg4lj4po6bswawwgxlbehwurj3d7a",
                            "images.26.image_source_details.#": "0",
                            "images.26.instance_id": "",
                            "images.26.launch_mode": "NATIVE",
                            "images.26.launch_options.#": "1",
                            "images.26.launch_options.0.boot_volume_type": "PARAVIRTUALIZED",
                            "images.26.launch_options.0.firmware": "UEFI_64",
                            "images.26.launch_options.0.network_type": "VFIO",
                            "images.26.launch_options.0.remote_data_volume_type": "PARAVIRTUALIZED",
                            "images.26.operating_system": "Windows",
                            "images.26.operating_system_version": "Server 2008 R2",
                            "images.26.size_in_mbs": "262144",
                            "images.26.state": "AVAILABLE",
                            "images.26.time_created": "2018-10-10 23:22:19.571 +0000 UTC",
                            "images.27.base_image_id": "",
                            "images.27.compartment_id": "",
                            "images.27.create_image_allowed": "true",
                            "images.27.defined_tags.%": "0",
                            "images.27.display_name": "Windows-Server-2008-R2-Enterprise-Edition-VM-Gen2-2018.09.12-0",
                            "images.27.freeform_tags.%": "0",
                            "images.27.id": "ocid1.image.oc1.iad.aaaaaaaaywq6nhaxcozzb3ufgaaxap5a72p2hzxfrhsinroavhqes27onlua",
                            "images.27.image_source_details.#": "0",
                            "images.27.instance_id": "",
                            "images.27.launch_mode": "NATIVE",
                            "images.27.launch_options.#": "1",
                            "images.27.launch_options.0.boot_volume_type": "PARAVIRTUALIZED",
                            "images.27.launch_options.0.firmware": "UEFI_64",
                            "images.27.launch_options.0.network_type": "VFIO",
                            "images.27.launch_options.0.remote_data_volume_type": "PARAVIRTUALIZED",
                            "images.27.operating_system": "Windows",
                            "images.27.operating_system_version": "Server 2008 R2",
                            "images.27.size_in_mbs": "262144",
                            "images.27.state": "AVAILABLE",
                            "images.27.time_created": "2018-09-12 01:57:36.878 +0000 UTC",
                            "images.28.base_image_id": "",
                            "images.28.compartment_id": "",
                            "images.28.create_image_allowed": "true",
                            "images.28.defined_tags.%": "0",
                            "images.28.display_name": "Windows-Server-2008-R2-Enterprise-Edition-VM-Gen2-2018.08.15-0",
                            "images.28.freeform_tags.%": "0",
                            "images.28.id": "ocid1.image.oc1.iad.aaaaaaaalvuaindrwbhm3s7xwxn6vism3hwzu6jq643ouqi445ailt6aqtda",
                            "images.28.image_source_details.#": "0",
                            "images.28.instance_id": "",
                            "images.28.launch_mode": "NATIVE",
                            "images.28.launch_options.#": "1",
                            "images.28.launch_options.0.boot_volume_type": "PARAVIRTUALIZED",
                            "images.28.launch_options.0.firmware": "UEFI_64",
                            "images.28.launch_options.0.network_type": "VFIO",
                            "images.28.launch_options.0.remote_data_volume_type": "PARAVIRTUALIZED",
                            "images.28.operating_system": "Windows",
                            "images.28.operating_system_version": "Server 2008 R2",
                            "images.28.size_in_mbs": "262144",
                            "images.28.state": "AVAILABLE",
                            "images.28.time_created": "2018-08-15 03:35:25.674 +0000 UTC",
                            "images.29.base_image_id": "",
                            "images.29.compartment_id": "",
                            "images.29.create_image_allowed": "true",
                            "images.29.defined_tags.%": "0",
                            "images.29.display_name": "Windows-Server-2008-R2-Enterprise-Edition-VM-2018.10.10-0",
                            "images.29.freeform_tags.%": "0",
                            "images.29.id": "ocid1.image.oc1.iad.aaaaaaaam4qw4xjqyektdkhcvozzd4lxdsxxjjpnnqmxk3cbe3jtdrxuxplq",
                            "images.29.image_source_details.#": "0",
                            "images.29.instance_id": "",
                            "images.29.launch_mode": "NATIVE",
                            "images.29.launch_options.#": "1",
                            "images.29.launch_options.0.boot_volume_type": "PARAVIRTUALIZED",
                            "images.29.launch_options.0.firmware": "UEFI_64",
                            "images.29.launch_options.0.network_type": "VFIO",
                            "images.29.launch_options.0.remote_data_volume_type": "PARAVIRTUALIZED",
                            "images.29.operating_system": "Windows",
                            "images.29.operating_system_version": "Server 2008 R2",
                            "images.29.size_in_mbs": "262144",
                            "images.29.state": "AVAILABLE",
                            "images.29.time_created": "2018-10-10 05:05:43.078 +0000 UTC",
                            "images.3.base_image_id": "",
                            "images.3.compartment_id": "",
                            "images.3.create_image_allowed": "true",
                            "images.3.defined_tags.%": "0",
                            "images.3.display_name": "Windows-Server-2016-Datacenter-Edition-BM-Gen2-E2-2018.10.17-0",
                            "images.3.freeform_tags.%": "0",
                            "images.3.id": "ocid1.image.oc1.iad.aaaaaaaa63ab3layl624eppadqr3f5qpjem2hvdsinxyembasbbchh6uok5a",
                            "images.3.image_source_details.#": "0",
                            "images.3.instance_id": "",
                            "images.3.launch_mode": "NATIVE",
                            "images.3.launch_options.#": "1",
                            "images.3.launch_options.0.boot_volume_type": "PARAVIRTUALIZED",
                            "images.3.launch_options.0.firmware": "UEFI_64",
                            "images.3.launch_options.0.network_type": "VFIO",
                            "images.3.launch_options.0.remote_data_volume_type": "PARAVIRTUALIZED",
                            "images.3.operating_system": "Windows",
                            "images.3.operating_system_version": "Server 2016 Datacenter",
                            "images.3.size_in_mbs": "262144",
                            "images.3.state": "AVAILABLE",
                            "images.3.time_created": "2018-10-17 09:36:17.393 +0000 UTC",
                            "images.30.base_image_id": "",
                            "images.30.compartment_id": "",
                            "images.30.create_image_allowed": "true",
                            "images.30.defined_tags.%": "0",
                            "images.30.display_name": "Windows-Server-2008-R2-Enterprise-Edition-VM-2018.09.13-0",
                            "images.30.freeform_tags.%": "0",
                            "images.30.id": "ocid1.image.oc1.iad.aaaaaaaazp4ofmtrhyoptlltf7n7tpziykwdfogazfsca7u6u3rqzhquwvpq",
                            "images.30.image_source_details.#": "0",
                            "images.30.instance_id": "",
                            "images.30.launch_mode": "NATIVE",
                            "images.30.launch_options.#": "1",
                            "images.30.launch_options.0.boot_volume_type": "PARAVIRTUALIZED",
                            "images.30.launch_options.0.firmware": "UEFI_64",
                            "images.30.launch_options.0.network_type": "VFIO",
                            "images.30.launch_options.0.remote_data_volume_type": "PARAVIRTUALIZED",
                            "images.30.operating_system": "Windows",
                            "images.30.operating_system_version": "Server 2008 R2",
                            "images.30.size_in_mbs": "262144",
                            "images.30.state": "AVAILABLE",
                            "images.30.time_created": "2018-09-13 22:59:39.434 +0000 UTC",
                            "images.31.base_image_id": "",
                            "images.31.compartment_id": "",
                            "images.31.create_image_allowed": "true",
                            "images.31.defined_tags.%": "0",
                            "images.31.display_name": "Windows-Server-2008-R2-Enterprise-Edition-VM-2018.08.15-0",
                            "images.31.freeform_tags.%": "0",
                            "images.31.id": "ocid1.image.oc1.iad.aaaaaaaaxhnr4qsguvug7wxmdivfax2b7efhltwk3ygal7ra2bfqigr5husq",
                            "images.31.image_source_details.#": "0",
                            "images.31.instance_id": "",
                            "images.31.launch_mode": "NATIVE",
                            "images.31.launch_options.#": "1",
                            "images.31.launch_options.0.boot_volume_type": "PARAVIRTUALIZED",
                            "images.31.launch_options.0.firmware": "UEFI_64",
                            "images.31.launch_options.0.network_type": "VFIO",
                            "images.31.launch_options.0.remote_data_volume_type": "PARAVIRTUALIZED",
                            "images.31.operating_system": "Windows",
                            "images.31.operating_system_version": "Server 2008 R2",
                            "images.31.size_in_mbs": "262144",
                            "images.31.state": "AVAILABLE",
                            "images.31.time_created": "2018-08-15 02:08:42.324 +0000 UTC",
                            "images.32.base_image_id": "",
                            "images.32.compartment_id": "",
                            "images.32.create_image_allowed": "true",
                            "images.32.defined_tags.%": "0",
                            "images.32.display_name": "Oracle-Linux-7.5-Gen2-GPU-2018.10.16-0",
                            "images.32.freeform_tags.%": "0",
                            "images.32.id": "ocid1.image.oc1.iad.aaaaaaaauai7xdsfcole37qx65vlx2q4irxjargla47247hyghkqiugzshuq",
                            "images.32.image_source_details.#": "0",
                            "images.32.instance_id": "",
                            "images.32.launch_mode": "NATIVE",
                            "images.32.launch_options.#": "1",
                            "images.32.launch_options.0.boot_volume_type": "PARAVIRTUALIZED",
                            "images.32.launch_options.0.firmware": "UEFI_64",
                            "images.32.launch_options.0.network_type": "VFIO",
                            "images.32.launch_options.0.remote_data_volume_type": "PARAVIRTUALIZED",
                            "images.32.operating_system": "Oracle Linux",
                            "images.32.operating_system_version": "7.5",
                            "images.32.size_in_mbs": "47694",
                            "images.32.state": "AVAILABLE",
                            "images.32.time_created": "2018-10-17 01:20:25.385 +0000 UTC",
                            "images.33.base_image_id": "",
                            "images.33.compartment_id": "",
                            "images.33.create_image_allowed": "true",
                            "images.33.defined_tags.%": "0",
                            "images.33.display_name": "Oracle-Linux-7.5-Gen2-GPU-2018.09.25-0",
                            "images.33.freeform_tags.%": "0",
                            "images.33.id": "ocid1.image.oc1.iad.aaaaaaaaaldtzd3czlcc3qma3tewagjimeidznhegzzakrnliof4wynz2q7q",
                            "images.33.image_source_details.#": "0",
                            "images.33.instance_id": "",
                            "images.33.launch_mode": "NATIVE",
                            "images.33.launch_options.#": "1",
                            "images.33.launch_options.0.boot_volume_type": "PARAVIRTUALIZED",
                            "images.33.launch_options.0.firmware": "UEFI_64",
                            "images.33.launch_options.0.network_type": "VFIO",
                            "images.33.launch_options.0.remote_data_volume_type": "PARAVIRTUALIZED",
                            "images.33.operating_system": "Oracle Linux",
                            "images.33.operating_system_version": "7.5",
                            "images.33.size_in_mbs": "47694",
                            "images.33.state": "AVAILABLE",
                            "images.33.time_created": "2018-09-26 13:44:27.529 +0000 UTC",
                            "images.34.base_image_id": "",
                            "images.34.compartment_id": "",
                            "images.34.create_image_allowed": "true",
                            "images.34.defined_tags.%": "0",
                            "images.34.display_name": "Oracle-Linux-7.5-Gen2-GPU-2018.08.14-0",
                            "images.34.freeform_tags.%": "0",
                            "images.34.id": "ocid1.image.oc1.iad.aaaaaaaapq5wdwd7y2c57iqi3vduixk7oxwduni5cbtjmeskocg5thrlqo5a",
                            "images.34.image_source_details.#": "0",
                            "images.34.instance_id": "",
                            "images.34.launch_mode": "NATIVE",
                            "images.34.launch_options.#": "1",
                            "images.34.launch_options.0.boot_volume_type": "PARAVIRTUALIZED",
                            "images.34.launch_options.0.firmware": "UEFI_64",
                            "images.34.launch_options.0.network_type": "VFIO",
                            "images.34.launch_options.0.remote_data_volume_type": "PARAVIRTUALIZED",
                            "images.34.operating_system": "Oracle Linux",
                            "images.34.operating_system_version": "7.5",
                            "images.34.size_in_mbs": "47694",
                            "images.34.state": "AVAILABLE",
                            "images.34.time_created": "2018-08-15 14:09:40.098 +0000 UTC",
                            "images.35.base_image_id": "",
                            "images.35.compartment_id": "",
                            "images.35.create_image_allowed": "true",
                            "images.35.defined_tags.%": "0",
                            "images.35.display_name": "Oracle-Linux-7.5-2018.10.16-0",
                            "images.35.freeform_tags.%": "0",
                            "images.35.id": "ocid1.image.oc1.iad.aaaaaaaageeenzyuxgia726xur4ztaoxbxyjlxogdhreu3ngfj2gji3bayda",
                            "images.35.image_source_details.#": "0",
                            "images.35.instance_id": "",
                            "images.35.launch_mode": "NATIVE",
                            "images.35.launch_options.#": "1",
                            "images.35.launch_options.0.boot_volume_type": "PARAVIRTUALIZED",
                            "images.35.launch_options.0.firmware": "UEFI_64",
                            "images.35.launch_options.0.network_type": "VFIO",
                            "images.35.launch_options.0.remote_data_volume_type": "PARAVIRTUALIZED",
                            "images.35.operating_system": "Oracle Linux",
                            "images.35.operating_system_version": "7.5",
                            "images.35.size_in_mbs": "47694",
                            "images.35.state": "AVAILABLE",
                            "images.35.time_created": "2018-10-17 01:16:47.961 +0000 UTC",
                            "images.36.base_image_id": "",
                            "images.36.compartment_id": "",
                            "images.36.create_image_allowed": "true",
                            "images.36.defined_tags.%": "0",
                            "images.36.display_name": "Oracle-Linux-7.5-2018.09.25-0",
                            "images.36.freeform_tags.%": "0",
                            "images.36.id": "ocid1.image.oc1.iad.aaaaaaaaiu73xa6afjzskjwvt3j5shpmboxtlo7yw4xpeqpdz5czpde7px2a",
                            "images.36.image_source_details.#": "0",
                            "images.36.instance_id": "",
                            "images.36.launch_mode": "NATIVE",
                            "images.36.launch_options.#": "1",
                            "images.36.launch_options.0.boot_volume_type": "PARAVIRTUALIZED",
                            "images.36.launch_options.0.firmware": "UEFI_64",
                            "images.36.launch_options.0.network_type": "VFIO",
                            "images.36.launch_options.0.remote_data_volume_type": "PARAVIRTUALIZED",
                            "images.36.operating_system": "Oracle Linux",
                            "images.36.operating_system_version": "7.5",
                            "images.36.size_in_mbs": "47694",
                            "images.36.state": "AVAILABLE",
                            "images.36.time_created": "2018-09-26 13:00:54.49 +0000 UTC",
                            "images.37.base_image_id": "",
                            "images.37.compartment_id": "",
                            "images.37.create_image_allowed": "true",
                            "images.37.defined_tags.%": "0",
                            "images.37.display_name": "Oracle-Linux-7.5-2018.08.14-0",
                            "images.37.freeform_tags.%": "0",
                            "images.37.id": "ocid1.image.oc1.iad.aaaaaaaa2tq67tvbeavcmioghquci6p3pvqwbneq3vfy7fe7m7geiga4cnxa",
                            "images.37.image_source_details.#": "0",
                            "images.37.instance_id": "",
                            "images.37.launch_mode": "NATIVE",
                            "images.37.launch_options.#": "1",
                            "images.37.launch_options.0.boot_volume_type": "PARAVIRTUALIZED",
                            "images.37.launch_options.0.firmware": "UEFI_64",
                            "images.37.launch_options.0.network_type": "VFIO",
                            "images.37.launch_options.0.remote_data_volume_type": "PARAVIRTUALIZED",
                            "images.37.operating_system": "Oracle Linux",
                            "images.37.operating_system_version": "7.5",
                            "images.37.size_in_mbs": "47694",
                            "images.37.state": "AVAILABLE",
                            "images.37.time_created": "2018-08-14 06:29:24.414 +0000 UTC",
                            "images.38.base_image_id": "",
                            "images.38.compartment_id": "",
                            "images.38.create_image_allowed": "true",
                            "images.38.defined_tags.%": "0",
                            "images.38.display_name": "Oracle-Linux-6.10-2018.10.17-1",
                            "images.38.freeform_tags.%": "0",
                            "images.38.id": "ocid1.image.oc1.iad.aaaaaaaa4p7lmca6svxqpej3susnxv4mu6ktfi64tympnsxfptkgzsqevbcq",
                            "images.38.image_source_details.#": "0",
                            "images.38.instance_id": "",
                            "images.38.launch_mode": "NATIVE",
                            "images.38.launch_options.#": "1",
                            "images.38.launch_options.0.boot_volume_type": "ISCSI",
                            "images.38.launch_options.0.firmware": "UEFI_64",
                            "images.38.launch_options.0.network_type": "VFIO",
                            "images.38.launch_options.0.remote_data_volume_type": "PARAVIRTUALIZED",
                            "images.38.operating_system": "Oracle Linux",
                            "images.38.operating_system_version": "6.10",
                            "images.38.size_in_mbs": "47694",
                            "images.38.state": "AVAILABLE",
                            "images.38.time_created": "2018-10-29 15:57:24.697 +0000 UTC",
                            "images.39.base_image_id": "",
                            "images.39.compartment_id": "",
                            "images.39.create_image_allowed": "true",
                            "images.39.defined_tags.%": "0",
                            "images.39.display_name": "Oracle-Linux-6.10-2018.09.25-0",
                            "images.39.freeform_tags.%": "0",
                            "images.39.id": "ocid1.image.oc1.iad.aaaaaaaadkzd3olmhauhkucuvbmpa3nisd2z6pfsq3bsft555bzca6exxcga",
                            "images.39.image_source_details.#": "0",
                            "images.39.instance_id": "",
                            "images.39.launch_mode": "NATIVE",
                            "images.39.launch_options.#": "1",
                            "images.39.launch_options.0.boot_volume_type": "ISCSI",
                            "images.39.launch_options.0.firmware": "UEFI_64",
                            "images.39.launch_options.0.network_type": "VFIO",
                            "images.39.launch_options.0.remote_data_volume_type": "PARAVIRTUALIZED",
                            "images.39.operating_system": "Oracle Linux",
                            "images.39.operating_system_version": "6.10",
                            "images.39.size_in_mbs": "47694",
                            "images.39.state": "AVAILABLE",
                            "images.39.time_created": "2018-09-26 10:22:59.338 +0000 UTC",
                            "images.4.base_image_id": "",
                            "images.4.compartment_id": "",
                            "images.4.create_image_allowed": "true",
                            "images.4.defined_tags.%": "0",
                            "images.4.display_name": "Windows-Server-2016-Datacenter-Edition-BM-Gen2-DenseIO-2018.10.10-0",
                            "images.4.freeform_tags.%": "0",
                            "images.4.id": "ocid1.image.oc1.iad.aaaaaaaa4alutrrrvlzfgsugnr62kg3cfucmpdxpavoyz7pdh7uxnjvt5ema",
                            "images.4.image_source_details.#": "0",
                            "images.4.instance_id": "",
                            "images.4.launch_mode": "NATIVE",
                            "images.4.launch_options.#": "1",
                            "images.4.launch_options.0.boot_volume_type": "PARAVIRTUALIZED",
                            "images.4.launch_options.0.firmware": "UEFI_64",
                            "images.4.launch_options.0.network_type": "VFIO",
                            "images.4.launch_options.0.remote_data_volume_type": "PARAVIRTUALIZED",
                            "images.4.operating_system": "Windows",
                            "images.4.operating_system_version": "Server 2016 Datacenter",
                            "images.4.size_in_mbs": "262144",
                            "images.4.state": "AVAILABLE",
                            "images.4.time_created": "2018-10-10 05:43:34.175 +0000 UTC",
                            "images.40.base_image_id": "",
                            "images.40.compartment_id": "",
                            "images.40.create_image_allowed": "true",
                            "images.40.defined_tags.%": "0",
                            "images.40.display_name": "Oracle-Linux-6.10-2018.08.14-0",
                            "images.40.freeform_tags.%": "0",
                            "images.40.id": "ocid1.image.oc1.iad.aaaaaaaa6kbmads5tuf4ztjdrozwpknscrisu4uzcgu2fcq77armuhf4dfiq",
                            "images.40.image_source_details.#": "0",
                            "images.40.instance_id": "",
                            "images.40.launch_mode": "NATIVE",
                            "images.40.launch_options.#": "1",
                            "images.40.launch_options.0.boot_volume_type": "ISCSI",
                            "images.40.launch_options.0.firmware": "UEFI_64",
                            "images.40.launch_options.0.network_type": "VFIO",
                            "images.40.launch_options.0.remote_data_volume_type": "PARAVIRTUALIZED",
                            "images.40.operating_system": "Oracle Linux",
                            "images.40.operating_system_version": "6.10",
                            "images.40.size_in_mbs": "47694",
                            "images.40.state": "AVAILABLE",
                            "images.40.time_created": "2018-08-14 06:29:23.628 +0000 UTC",
                            "images.41.base_image_id": "",
                            "images.41.compartment_id": "",
                            "images.41.create_image_allowed": "true",
                            "images.41.defined_tags.%": "0",
                            "images.41.display_name": "CentOS-7-2018.10.12-0",
                            "images.41.freeform_tags.%": "0",
                            "images.41.id": "ocid1.image.oc1.iad.aaaaaaaavujqgegoqyinkxzigumlwydq42vyf6nr3sfl7ram577zzlz2clpa",
                            "images.41.image_source_details.#": "0",
                            "images.41.instance_id": "",
                            "images.41.launch_mode": "NATIVE",
                            "images.41.launch_options.#": "1",
                            "images.41.launch_options.0.boot_volume_type": "PARAVIRTUALIZED",
                            "images.41.launch_options.0.firmware": "UEFI_64",
                            "images.41.launch_options.0.network_type": "VFIO",
                            "images.41.launch_options.0.remote_data_volume_type": "PARAVIRTUALIZED",
                            "images.41.operating_system": "CentOS",
                            "images.41.operating_system_version": "7",
                            "images.41.size_in_mbs": "47694",
                            "images.41.state": "AVAILABLE",
                            "images.41.time_created": "2018-10-12 21:30:45.959 +0000 UTC",
                            "images.42.base_image_id": "",
                            "images.42.compartment_id": "",
                            "images.42.create_image_allowed": "true",
                            "images.42.defined_tags.%": "0",
                            "images.42.display_name": "CentOS-7-2018.09.19-0",
                            "images.42.freeform_tags.%": "0",
                            "images.42.id": "ocid1.image.oc1.iad.aaaaaaaagdujmsshklwaskezsgonoq5o2whylk4ioqvojlbujeo6p2mw3piq",
                            "images.42.image_source_details.#": "0",
                            "images.42.instance_id": "",
                            "images.42.launch_mode": "NATIVE",
                            "images.42.launch_options.#": "1",
                            "images.42.launch_options.0.boot_volume_type": "ISCSI",
                            "images.42.launch_options.0.firmware": "UEFI_64",
                            "images.42.launch_options.0.network_type": "VFIO",
                            "images.42.launch_options.0.remote_data_volume_type": "PARAVIRTUALIZED",
                            "images.42.operating_system": "CentOS",
                            "images.42.operating_system_version": "7",
                            "images.42.size_in_mbs": "47694",
                            "images.42.state": "AVAILABLE",
                            "images.42.time_created": "2018-09-21 13:41:29.868 +0000 UTC",
                            "images.43.base_image_id": "",
                            "images.43.compartment_id": "",
                            "images.43.create_image_allowed": "true",
                            "images.43.defined_tags.%": "0",
                            "images.43.display_name": "CentOS-7-2018.08.15-0",
                            "images.43.freeform_tags.%": "0",
                            "images.43.id": "ocid1.image.oc1.iad.aaaaaaaah6ui3hcaq7d43esyrfmyqb3mwuzn4uoxjlbbdwoiicdmntlvwpda",
                            "images.43.image_source_details.#": "0",
                            "images.43.instance_id": "",
                            "images.43.launch_mode": "NATIVE",
                            "images.43.launch_options.#": "1",
                            "images.43.launch_options.0.boot_volume_type": "ISCSI",
                            "images.43.launch_options.0.firmware": "UEFI_64",
                            "images.43.launch_options.0.network_type": "VFIO",
                            "images.43.launch_options.0.remote_data_volume_type": "PARAVIRTUALIZED",
                            "images.43.operating_system": "CentOS",
                            "images.43.operating_system_version": "7",
                            "images.43.size_in_mbs": "47694",
                            "images.43.state": "AVAILABLE",
                            "images.43.time_created": "2018-08-15 13:57:56.181 +0000 UTC",
                            "images.44.base_image_id": "",
                            "images.44.compartment_id": "",
                            "images.44.create_image_allowed": "true",
                            "images.44.defined_tags.%": "0",
                            "images.44.display_name": "CentOS-6.10-2018.10.12-0",
                            "images.44.freeform_tags.%": "0",
                            "images.44.id": "ocid1.image.oc1.iad.aaaaaaaakybww43czt2enogjvyuidduy7zi3eiv75rh5h3gwptaefejlujba",
                            "images.44.image_source_details.#": "0",
                            "images.44.instance_id": "",
                            "images.44.launch_mode": "NATIVE",
                            "images.44.launch_options.#": "1",
                            "images.44.launch_options.0.boot_volume_type": "ISCSI",
                            "images.44.launch_options.0.firmware": "UEFI_64",
                            "images.44.launch_options.0.network_type": "VFIO",
                            "images.44.launch_options.0.remote_data_volume_type": "PARAVIRTUALIZED",
                            "images.44.operating_system": "CentOS",
                            "images.44.operating_system_version": "6.10",
                            "images.44.size_in_mbs": "47694",
                            "images.44.state": "AVAILABLE",
                            "images.44.time_created": "2018-10-12 21:30:45.892 +0000 UTC",
                            "images.45.base_image_id": "",
                            "images.45.compartment_id": "",
                            "images.45.create_image_allowed": "true",
                            "images.45.defined_tags.%": "0",
                            "images.45.display_name": "CentOS-6.10-2018.09.19-0",
                            "images.45.freeform_tags.%": "0",
                            "images.45.id": "ocid1.image.oc1.iad.aaaaaaaarvcr776kfwzsozuwzjtqq3qq72p3pincmthy7bucvorrkr3t4kuq",
                            "images.45.image_source_details.#": "0",
                            "images.45.instance_id": "",
                            "images.45.launch_mode": "NATIVE",
                            "images.45.launch_options.#": "1",
                            "images.45.launch_options.0.boot_volume_type": "ISCSI",
                            "images.45.launch_options.0.firmware": "UEFI_64",
                            "images.45.launch_options.0.network_type": "VFIO",
                            "images.45.launch_options.0.remote_data_volume_type": "PARAVIRTUALIZED",
                            "images.45.operating_system": "CentOS",
                            "images.45.operating_system_version": "6.10",
                            "images.45.size_in_mbs": "47694",
                            "images.45.state": "AVAILABLE",
                            "images.45.time_created": "2018-09-21 11:06:16.165 +0000 UTC",
                            "images.46.base_image_id": "",
                            "images.46.compartment_id": "",
                            "images.46.create_image_allowed": "true",
                            "images.46.defined_tags.%": "0",
                            "images.46.display_name": "CentOS-6.10-2018.08.15-0",
                            "images.46.freeform_tags.%": "0",
                            "images.46.id": "ocid1.image.oc1.iad.aaaaaaaafjth3ljlnwsw2elccwu5igjer64bs3wkly2trqblbkv4ryen6qxq",
                            "images.46.image_source_details.#": "0",
                            "images.46.instance_id": "",
                            "images.46.launch_mode": "NATIVE",
                            "images.46.launch_options.#": "1",
                            "images.46.launch_options.0.boot_volume_type": "ISCSI",
                            "images.46.launch_options.0.firmware": "UEFI_64",
                            "images.46.launch_options.0.network_type": "VFIO",
                            "images.46.launch_options.0.remote_data_volume_type": "PARAVIRTUALIZED",
                            "images.46.operating_system": "CentOS",
                            "images.46.operating_system_version": "6.10",
                            "images.46.size_in_mbs": "47694",
                            "images.46.state": "AVAILABLE",
                            "images.46.time_created": "2018-08-15 16:51:42.95 +0000 UTC",
                            "images.47.base_image_id": "",
                            "images.47.compartment_id": "",
                            "images.47.create_image_allowed": "true",
                            "images.47.defined_tags.%": "0",
                            "images.47.display_name": "Canonical-Ubuntu-18.04-2018.10.16-0",
                            "images.47.freeform_tags.%": "0",
                            "images.47.id": "ocid1.image.oc1.iad.aaaaaaaabdnn67qceu5nkprpvlsifow6rywxm3gm7wzl4fr7ufcvvecblhgq",
                            "images.47.image_source_details.#": "0",
                            "images.47.instance_id": "",
                            "images.47.launch_mode": "NATIVE",
                            "images.47.launch_options.#": "1",
                            "images.47.launch_options.0.boot_volume_type": "PARAVIRTUALIZED",
                            "images.47.launch_options.0.firmware": "UEFI_64",
                            "images.47.launch_options.0.network_type": "VFIO",
                            "images.47.launch_options.0.remote_data_volume_type": "PARAVIRTUALIZED",
                            "images.47.operating_system": "Canonical Ubuntu",
                            "images.47.operating_system_version": "18.04",
                            "images.47.size_in_mbs": "47694",
                            "images.47.state": "AVAILABLE",
                            "images.47.time_created": "2018-10-16 15:19:37.256 +0000 UTC",
                            "images.48.base_image_id": "",
                            "images.48.compartment_id": "",
                            "images.48.create_image_allowed": "true",
                            "images.48.defined_tags.%": "0",
                            "images.48.display_name": "Canonical-Ubuntu-18.04-2018.09.19-0",
                            "images.48.freeform_tags.%": "0",
                            "images.48.id": "ocid1.image.oc1.iad.aaaaaaaahmblavdr6elu7gmt3jqtjcu2uitlzieb4jv3hh675sjqwadxv5pa",
                            "images.48.image_source_details.#": "0",
                            "images.48.instance_id": "",
                            "images.48.launch_mode": "NATIVE",
                            "images.48.launch_options.#": "1",
                            "images.48.launch_options.0.boot_volume_type": "ISCSI",
                            "images.48.launch_options.0.firmware": "UEFI_64",
                            "images.48.launch_options.0.network_type": "VFIO",
                            "images.48.launch_options.0.remote_data_volume_type": "PARAVIRTUALIZED",
                            "images.48.operating_system": "Canonical Ubuntu",
                            "images.48.operating_system_version": "18.04",
                            "images.48.size_in_mbs": "47694",
                            "images.48.state": "AVAILABLE",
                            "images.48.time_created": "2018-09-20 13:26:26.689 +0000 UTC",
                            "images.49.base_image_id": "",
                            "images.49.compartment_id": "",
                            "images.49.create_image_allowed": "true",
                            "images.49.defined_tags.%": "0",
                            "images.49.display_name": "Canonical-Ubuntu-18.04-2018.08.15-0",
                            "images.49.freeform_tags.%": "0",
                            "images.49.id": "ocid1.image.oc1.iad.aaaaaaaapx7m52arfwbm25ka5bqb7dcka64suou5yth7erg3ywgqorvq4doq",
                            "images.49.image_source_details.#": "0",
                            "images.49.instance_id": "",
                            "images.49.launch_mode": "NATIVE",
                            "images.49.launch_options.#": "1",
                            "images.49.launch_options.0.boot_volume_type": "ISCSI",
                            "images.49.launch_options.0.firmware": "UEFI_64",
                            "images.49.launch_options.0.network_type": "VFIO",
                            "images.49.launch_options.0.remote_data_volume_type": "PARAVIRTUALIZED",
                            "images.49.operating_system": "Canonical Ubuntu",
                            "images.49.operating_system_version": "18.04",
                            "images.49.size_in_mbs": "47694",
                            "images.49.state": "AVAILABLE",
                            "images.49.time_created": "2018-08-16 03:23:44.3 +0000 UTC",
                            "images.5.base_image_id": "",
                            "images.5.compartment_id": "",
                            "images.5.create_image_allowed": "true",
                            "images.5.defined_tags.%": "0",
                            "images.5.display_name": "Windows-Server-2016-Datacenter-Edition-BM-Gen2-DenseIO-2018.09.18-0",
                            "images.5.freeform_tags.%": "0",
                            "images.5.id": "ocid1.image.oc1.iad.aaaaaaaapczcdb6ykgjhux5wtcosf34zjlgq73tqudzyhj5ud3fyj65fdeca",
                            "images.5.image_source_details.#": "0",
                            "images.5.instance_id": "",
                            "images.5.launch_mode": "NATIVE",
                            "images.5.launch_options.#": "1",
                            "images.5.launch_options.0.boot_volume_type": "PARAVIRTUALIZED",
                            "images.5.launch_options.0.firmware": "UEFI_64",
                            "images.5.launch_options.0.network_type": "VFIO",
                            "images.5.launch_options.0.remote_data_volume_type": "PARAVIRTUALIZED",
                            "images.5.operating_system": "Windows",
                            "images.5.operating_system_version": "Server 2016 Datacenter",
                            "images.5.size_in_mbs": "262144",
                            "images.5.state": "AVAILABLE",
                            "images.5.time_created": "2018-09-19 22:10:19.146 +0000 UTC",
                            "images.50.base_image_id": "",
                            "images.50.compartment_id": "",
                            "images.50.create_image_allowed": "true",
                            "images.50.defined_tags.%": "0",
                            "images.50.display_name": "Canonical-Ubuntu-16.04-Gen2-GPU-2018.10.16-0",
                            "images.50.freeform_tags.%": "0",
                            "images.50.id": "ocid1.image.oc1.iad.aaaaaaaatdy2cuea26em2fpwieho2tzujamkobqgzhwilwc2olshm54ihtna",
                            "images.50.image_source_details.#": "0",
                            "images.50.instance_id": "",
                            "images.50.launch_mode": "NATIVE",
                            "images.50.launch_options.#": "1",
                            "images.50.launch_options.0.boot_volume_type": "PARAVIRTUALIZED",
                            "images.50.launch_options.0.firmware": "UEFI_64",
                            "images.50.launch_options.0.network_type": "VFIO",
                            "images.50.launch_options.0.remote_data_volume_type": "PARAVIRTUALIZED",
                            "images.50.operating_system": "Canonical Ubuntu",
                            "images.50.operating_system_version": "16.04",
                            "images.50.size_in_mbs": "47694",
                            "images.50.state": "AVAILABLE",
                            "images.50.time_created": "2018-10-16 15:19:36.105 +0000 UTC",
                            "images.51.base_image_id": "",
                            "images.51.compartment_id": "",
                            "images.51.create_image_allowed": "true",
                            "images.51.defined_tags.%": "0",
                            "images.51.display_name": "Canonical-Ubuntu-16.04-Gen2-GPU-2018.09.19-0",
                            "images.51.freeform_tags.%": "0",
                            "images.51.id": "ocid1.image.oc1.iad.aaaaaaaatok4lzqcpbkecbtm2d444275q3ra6gitf7vdqff7woicfprtqjea",
                            "images.51.image_source_details.#": "0",
                            "images.51.instance_id": "",
                            "images.51.launch_mode": "NATIVE",
                            "images.51.launch_options.#": "1",
                            "images.51.launch_options.0.boot_volume_type": "ISCSI",
                            "images.51.launch_options.0.firmware": "UEFI_64",
                            "images.51.launch_options.0.network_type": "VFIO",
                            "images.51.launch_options.0.remote_data_volume_type": "PARAVIRTUALIZED",
                            "images.51.operating_system": "Canonical Ubuntu",
                            "images.51.operating_system_version": "16.04",
                            "images.51.size_in_mbs": "47694",
                            "images.51.state": "AVAILABLE",
                            "images.51.time_created": "2018-10-01 17:37:59.876 +0000 UTC",
                            "images.52.base_image_id": "",
                            "images.52.compartment_id": "",
                            "images.52.create_image_allowed": "true",
                            "images.52.defined_tags.%": "0",
                            "images.52.display_name": "Canonical-Ubuntu-16.04-Gen2-GPU-2018.08.15-0",
                            "images.52.freeform_tags.%": "0",
                            "images.52.id": "ocid1.image.oc1.iad.aaaaaaaapmjxgjo7zjfmsxy3qalalgrh3sm7aw4u6npzvmtpetsogkyuaisq",
                            "images.52.image_source_details.#": "0",
                            "images.52.instance_id": "",
                            "images.52.launch_mode": "NATIVE",
                            "images.52.launch_options.#": "1",
                            "images.52.launch_options.0.boot_volume_type": "ISCSI",
                            "images.52.launch_options.0.firmware": "UEFI_64",
                            "images.52.launch_options.0.network_type": "VFIO",
                            "images.52.launch_options.0.remote_data_volume_type": "PARAVIRTUALIZED",
                            "images.52.operating_system": "Canonical Ubuntu",
                            "images.52.operating_system_version": "16.04",
                            "images.52.size_in_mbs": "47694",
                            "images.52.state": "AVAILABLE",
                            "images.52.time_created": "2018-08-17 16:12:38.971 +0000 UTC",
                            "images.53.base_image_id": "",
                            "images.53.compartment_id": "",
                            "images.53.create_image_allowed": "true",
                            "images.53.defined_tags.%": "0",
                            "images.53.display_name": "Canonical-Ubuntu-16.04-2018.10.16-0",
                            "images.53.freeform_tags.%": "0",
                            "images.53.id": "ocid1.image.oc1.iad.aaaaaaaaau7nws7rghq6ob22m5hqsf7gugskz7hm53n4tuv3kcpvgwio5kdq",
                            "images.53.image_source_details.#": "0",
                            "images.53.instance_id": "",
                            "images.53.launch_mode": "NATIVE",
                            "images.53.launch_options.#": "1",
                            "images.53.launch_options.0.boot_volume_type": "PARAVIRTUALIZED",
                            "images.53.launch_options.0.firmware": "UEFI_64",
                            "images.53.launch_options.0.network_type": "VFIO",
                            "images.53.launch_options.0.remote_data_volume_type": "PARAVIRTUALIZED",
                            "images.53.operating_system": "Canonical Ubuntu",
                            "images.53.operating_system_version": "16.04",
                            "images.53.size_in_mbs": "47694",
                            "images.53.state": "AVAILABLE",
                            "images.53.time_created": "2018-10-16 15:43:14.899 +0000 UTC",
                            "images.54.base_image_id": "",
                            "images.54.compartment_id": "",
                            "images.54.create_image_allowed": "true",
                            "images.54.defined_tags.%": "0",
                            "images.54.display_name": "Canonical-Ubuntu-16.04-2018.09.19-0",
                            "images.54.freeform_tags.%": "0",
                            "images.54.id": "ocid1.image.oc1.iad.aaaaaaaa3vjsfaaz2ohzqubqz7kdlbtome2nplk3tcjomtbxt562gwqjfkwq",
                            "images.54.image_source_details.#": "0",
                            "images.54.instance_id": "",
                            "images.54.launch_mode": "NATIVE",
                            "images.54.launch_options.#": "1",
                            "images.54.launch_options.0.boot_volume_type": "ISCSI",
                            "images.54.launch_options.0.firmware": "UEFI_64",
                            "images.54.launch_options.0.network_type": "VFIO",
                            "images.54.launch_options.0.remote_data_volume_type": "PARAVIRTUALIZED",
                            "images.54.operating_system": "Canonical Ubuntu",
                            "images.54.operating_system_version": "16.04",
                            "images.54.size_in_mbs": "47694",
                            "images.54.state": "AVAILABLE",
                            "images.54.time_created": "2018-09-20 12:56:31.882 +0000 UTC",
                            "images.55.base_image_id": "",
                            "images.55.compartment_id": "",
                            "images.55.create_image_allowed": "true",
                            "images.55.defined_tags.%": "0",
                            "images.55.display_name": "Canonical-Ubuntu-16.04-2018.08.15-0",
                            "images.55.freeform_tags.%": "0",
                            "images.55.id": "ocid1.image.oc1.iad.aaaaaaaa7keb3ok2deynxzsz7k5rondhuc7nt5vw6hf3q5xslyiepnqsi3aq",
                            "images.55.image_source_details.#": "0",
                            "images.55.instance_id": "",
                            "images.55.launch_mode": "NATIVE",
                            "images.55.launch_options.#": "1",
                            "images.55.launch_options.0.boot_volume_type": "ISCSI",
                            "images.55.launch_options.0.firmware": "UEFI_64",
                            "images.55.launch_options.0.network_type": "VFIO",
                            "images.55.launch_options.0.remote_data_volume_type": "PARAVIRTUALIZED",
                            "images.55.operating_system": "Canonical Ubuntu",
                            "images.55.operating_system_version": "16.04",
                            "images.55.size_in_mbs": "47694",
                            "images.55.state": "AVAILABLE",
                            "images.55.time_created": "2018-08-16 01:46:38.848 +0000 UTC",
                            "images.56.base_image_id": "",
                            "images.56.compartment_id": "",
                            "images.56.create_image_allowed": "true",
                            "images.56.defined_tags.%": "0",
                            "images.56.display_name": "Canonical-Ubuntu-14.04-2018.10.16-0",
                            "images.56.freeform_tags.%": "0",
                            "images.56.id": "ocid1.image.oc1.iad.aaaaaaaammdmnlixr4zrcpxegthuw3yro4rxf5h2mhgirvpzwdlf53um72iq",
                            "images.56.image_source_details.#": "0",
                            "images.56.instance_id": "",
                            "images.56.launch_mode": "NATIVE",
                            "images.56.launch_options.#": "1",
                            "images.56.launch_options.0.boot_volume_type": "PARAVIRTUALIZED",
                            "images.56.launch_options.0.firmware": "UEFI_64",
                            "images.56.launch_options.0.network_type": "VFIO",
                            "images.56.launch_options.0.remote_data_volume_type": "PARAVIRTUALIZED",
                            "images.56.operating_system": "Canonical Ubuntu",
                            "images.56.operating_system_version": "14.04",
                            "images.56.size_in_mbs": "47694",
                            "images.56.state": "AVAILABLE",
                            "images.56.time_created": "2018-10-16 05:36:22.774 +0000 UTC",
                            "images.57.base_image_id": "",
                            "images.57.compartment_id": "",
                            "images.57.create_image_allowed": "true",
                            "images.57.defined_tags.%": "0",
                            "images.57.display_name": "Canonical-Ubuntu-14.04-2018.09.19-0",
                            "images.57.freeform_tags.%": "0",
                            "images.57.id": "ocid1.image.oc1.iad.aaaaaaaa27bbh3lf5omuatuvpwvnr6koyusrpuv52suyheyygtxuxdnui6wq",
                            "images.57.image_source_details.#": "0",
                            "images.57.instance_id": "",
                            "images.57.launch_mode": "NATIVE",
                            "images.57.launch_options.#": "1",
                            "images.57.launch_options.0.boot_volume_type": "ISCSI",
                            "images.57.launch_options.0.firmware": "UEFI_64",
                            "images.57.launch_options.0.network_type": "VFIO",
                            "images.57.launch_options.0.remote_data_volume_type": "PARAVIRTUALIZED",
                            "images.57.operating_system": "Canonical Ubuntu",
                            "images.57.operating_system_version": "14.04",
                            "images.57.size_in_mbs": "47694",
                            "images.57.state": "AVAILABLE",
                            "images.57.time_created": "2018-09-20 12:21:57.805 +0000 UTC",
                            "images.58.base_image_id": "",
                            "images.58.compartment_id": "",
                            "images.58.create_image_allowed": "true",
                            "images.58.defined_tags.%": "0",
                            "images.58.display_name": "Canonical-Ubuntu-14.04-2018.08.15-0",
                            "images.58.freeform_tags.%": "0",
                            "images.58.id": "ocid1.image.oc1.iad.aaaaaaaar3gj4752jbc2efc2ytugv37lx5pcmky5ppmkmahset6fzudfse2a",
                            "images.58.image_source_details.#": "0",
                            "images.58.instance_id": "",
                            "images.58.launch_mode": "NATIVE",
                            "images.58.launch_options.#": "1",
                            "images.58.launch_options.0.boot_volume_type": "ISCSI",
                            "images.58.launch_options.0.firmware": "UEFI_64",
                            "images.58.launch_options.0.network_type": "VFIO",
                            "images.58.launch_options.0.remote_data_volume_type": "PARAVIRTUALIZED",
                            "images.58.operating_system": "Canonical Ubuntu",
                            "images.58.operating_system_version": "14.04",
                            "images.58.size_in_mbs": "47694",
                            "images.58.state": "AVAILABLE",
                            "images.58.time_created": "2018-08-16 01:47:31.199 +0000 UTC",
                            "images.6.base_image_id": "",
                            "images.6.compartment_id": "",
                            "images.6.create_image_allowed": "true",
                            "images.6.defined_tags.%": "0",
                            "images.6.display_name": "Windows-Server-2016-Datacenter-Edition-BM-Gen2-DenseIO-2018.08.16-0",
                            "images.6.freeform_tags.%": "0",
                            "images.6.id": "ocid1.image.oc1.iad.aaaaaaaatach4vk7fk7wgwocr7fjunzwagz3bygj4mc7axajdokfwnuwsibq",
                            "images.6.image_source_details.#": "0",
                            "images.6.instance_id": "",
                            "images.6.launch_mode": "NATIVE",
                            "images.6.launch_options.#": "1",
                            "images.6.launch_options.0.boot_volume_type": "ISCSI",
                            "images.6.launch_options.0.firmware": "UEFI_64",
                            "images.6.launch_options.0.network_type": "VFIO",
                            "images.6.launch_options.0.remote_data_volume_type": "PARAVIRTUALIZED",
                            "images.6.operating_system": "Windows",
                            "images.6.operating_system_version": "Server 2016 Datacenter",
                            "images.6.size_in_mbs": "262144",
                            "images.6.state": "AVAILABLE",
                            "images.6.time_created": "2018-08-16 07:06:02.967 +0000 UTC",
                            "images.7.base_image_id": "",
                            "images.7.compartment_id": "",
                            "images.7.create_image_allowed": "true",
                            "images.7.defined_tags.%": "0",
                            "images.7.display_name": "Windows-Server-2016-Datacenter-Edition-BM-Gen2-2018.10.11-0",
                            "images.7.freeform_tags.%": "0",
                            "images.7.id": "ocid1.image.oc1.iad.aaaaaaaa4572ce7akirhzpf2zqajohvbhl2w5aibu3plsumghyse324grdma",
                            "images.7.image_source_details.#": "0",
                            "images.7.instance_id": "",
                            "images.7.launch_mode": "NATIVE",
                            "images.7.launch_options.#": "1",
                            "images.7.launch_options.0.boot_volume_type": "PARAVIRTUALIZED",
                            "images.7.launch_options.0.firmware": "UEFI_64",
                            "images.7.launch_options.0.network_type": "VFIO",
                            "images.7.launch_options.0.remote_data_volume_type": "PARAVIRTUALIZED",
                            "images.7.operating_system": "Windows",
                            "images.7.operating_system_version": "Server 2016 Datacenter",
                            "images.7.size_in_mbs": "262144",
                            "images.7.state": "AVAILABLE",
                            "images.7.time_created": "2018-10-11 22:14:09.215 +0000 UTC",
                            "images.8.base_image_id": "",
                            "images.8.compartment_id": "",
                            "images.8.create_image_allowed": "true",
                            "images.8.defined_tags.%": "0",
                            "images.8.display_name": "Windows-Server-2016-Datacenter-Edition-BM-Gen2-2018.09.12-0",
                            "images.8.freeform_tags.%": "0",
                            "images.8.id": "ocid1.image.oc1.iad.aaaaaaaamqqid3ryhnxzykass66z4rbrgynjrbf4urjqo3bhjyt7lappqtsa",
                            "images.8.image_source_details.#": "0",
                            "images.8.instance_id": "",
                            "images.8.launch_mode": "NATIVE",
                            "images.8.launch_options.#": "1",
                            "images.8.launch_options.0.boot_volume_type": "PARAVIRTUALIZED",
                            "images.8.launch_options.0.firmware": "UEFI_64",
                            "images.8.launch_options.0.network_type": "VFIO",
                            "images.8.launch_options.0.remote_data_volume_type": "PARAVIRTUALIZED",
                            "images.8.operating_system": "Windows",
                            "images.8.operating_system_version": "Server 2016 Datacenter",
                            "images.8.size_in_mbs": "262144",
                            "images.8.state": "AVAILABLE",
                            "images.8.time_created": "2018-09-12 00:41:56.754 +0000 UTC",
                            "images.9.base_image_id": "",
                            "images.9.compartment_id": "",
                            "images.9.create_image_allowed": "true",
                            "images.9.defined_tags.%": "0",
                            "images.9.display_name": "Windows-Server-2016-Datacenter-Edition-BM-Gen2-2018.08.16-0",
                            "images.9.freeform_tags.%": "0",
                            "images.9.id": "ocid1.image.oc1.iad.aaaaaaaamznk7qavz2fboa77kpi5w5xueqrbn7xmh2rrxsdt4l54oyol6w5q",
                            "images.9.image_source_details.#": "0",
                            "images.9.instance_id": "",
                            "images.9.launch_mode": "NATIVE",
                            "images.9.launch_options.#": "1",
                            "images.9.launch_options.0.boot_volume_type": "ISCSI",
                            "images.9.launch_options.0.firmware": "UEFI_64",
                            "images.9.launch_options.0.network_type": "VFIO",
                            "images.9.launch_options.0.remote_data_volume_type": "PARAVIRTUALIZED",
                            "images.9.operating_system": "Windows",
                            "images.9.operating_system_version": "Server 2016 Datacenter",
                            "images.9.size_in_mbs": "262144",
                            "images.9.state": "AVAILABLE",
                            "images.9.time_created": "2018-08-16 07:03:49.75 +0000 UTC"
                        },
                        "meta": {},
                        "tainted": false
                    },
                    "deposed": [],
                    "provider": "provider.oci"
                },
                "data.oci_identity_availability_domains.ads": {
                    "type": "oci_identity_availability_domains",
                    "depends_on": [],
                    "primary": {
                        "id": "2018-11-13 13:30:56.8969165 +0000 UTC",
                        "attributes": {
                            "availability_domains.#": "3",
                            "availability_domains.0.compartment_id": "ocid1.tenancy.oc1..aaaaaaaaqaghoakhcdlsdsej676gkzli4gbeeqw3ge46kgnm224lagmfj4xq",
                            "availability_domains.0.name": "AhKQ:US-ASHBURN-AD-1",
                            "availability_domains.1.compartment_id": "ocid1.tenancy.oc1..aaaaaaaaqaghoakhcdlsdsej676gkzli4gbeeqw3ge46kgnm224lagmfj4xq",
                            "availability_domains.1.name": "AhKQ:US-ASHBURN-AD-2",
                            "availability_domains.2.compartment_id": "ocid1.tenancy.oc1..aaaaaaaaqaghoakhcdlsdsej676gkzli4gbeeqw3ge46kgnm224lagmfj4xq",
                            "availability_domains.2.name": "AhKQ:US-ASHBURN-AD-3",
                            "compartment_id": "ocid1.tenancy.oc1..aaaaaaaaqaghoakhcdlsdsej676gkzli4gbeeqw3ge46kgnm224lagmfj4xq",
                            "id": "2018-11-13 13:30:56.8969165 +0000 UTC"
                        },
                        "meta": {},
                        "tainted": false
                    },
                    "deposed": [],
                    "provider": "provider.oci"
                },
                "data.oci_identity_compartments.compartmentList": {
                    "type": "oci_identity_compartments",
                    "depends_on": [],
                    "primary": {
                        "id": "2018-11-13 13:30:56.9228746 +0000 UTC",
                        "attributes": {
                            "compartment_id": "ocid1.tenancy.oc1..aaaaaaaaqaghoakhcdlsdsej676gkzli4gbeeqw3ge46kgnm224lagmfj4xq",
                            "compartments.#": "22",
                            "compartments.0.compartment_id": "ocid1.tenancy.oc1..aaaaaaaaqaghoakhcdlsdsej676gkzli4gbeeqw3ge46kgnm224lagmfj4xq",
                            "compartments.0.defined_tags.%": "0",
                            "compartments.0.description": "Aditya's compartment",
                            "compartments.0.enable_delete": "false",
                            "compartments.0.freeform_tags.%": "0",
                            "compartments.0.id": "ocid1.compartment.oc1..aaaaaaaajdloco2usq6y24dudqirugj6ej44mpooogjes3penwtye4wp42uq",
                            "compartments.0.inactive_state": "",
                            "compartments.0.is_accessible": "false",
                            "compartments.0.name": "Aditya-comp",
                            "compartments.0.state": "ACTIVE",
                            "compartments.0.time_created": "2018-07-31 21:44:02.618 +0000 UTC",
                            "compartments.0.time_modified": "",
                            "compartments.1.compartment_id": "ocid1.tenancy.oc1..aaaaaaaaqaghoakhcdlsdsej676gkzli4gbeeqw3ge46kgnm224lagmfj4xq",
                            "compartments.1.defined_tags.%": "0",
                            "compartments.1.description": "jeff_temp",
                            "compartments.1.enable_delete": "false",
                            "compartments.1.freeform_tags.%": "0",
                            "compartments.1.id": "ocid1.compartment.oc1..aaaaaaaao7vmy4d3giej24xt264hoqnlbt5722qaiul3ipc7hqvo6u26cjya",
                            "compartments.1.inactive_state": "",
                            "compartments.1.is_accessible": "false",
                            "compartments.1.name": "available_for_resuse",
                            "compartments.1.state": "ACTIVE",
                            "compartments.1.time_created": "2018-03-21 16:41:02.719 +0000 UTC",
                            "compartments.1.time_modified": "",
                            "compartments.10.compartment_id": "ocid1.tenancy.oc1..aaaaaaaaqaghoakhcdlsdsej676gkzli4gbeeqw3ge46kgnm224lagmfj4xq",
                            "compartments.10.defined_tags.%": "0",
                            "compartments.10.description": "Jag's compartment",
                            "compartments.10.enable_delete": "false",
                            "compartments.10.freeform_tags.%": "0",
                            "compartments.10.id": "ocid1.compartment.oc1..aaaaaaaaflize4z6plpi6pja3osxrax3jkpbopanksqifmnl5s5wcuwdyyhq",
                            "compartments.10.inactive_state": "",
                            "compartments.10.is_accessible": "false",
                            "compartments.10.name": "Jag-comp",
                            "compartments.10.state": "ACTIVE",
                            "compartments.10.time_created": "2018-02-09 00:36:00.349 +0000 UTC",
                            "compartments.10.time_modified": "",
                            "compartments.11.compartment_id": "ocid1.tenancy.oc1..aaaaaaaaqaghoakhcdlsdsej676gkzli4gbeeqw3ge46kgnm224lagmfj4xq",
                            "compartments.11.defined_tags.%": "0",
                            "compartments.11.description": "Jeff's compartment",
                            "compartments.11.enable_delete": "false",
                            "compartments.11.freeform_tags.%": "0",
                            "compartments.11.id": "ocid1.compartment.oc1..aaaaaaaafi4svitnwdmpppeita6cr4fky6vyp26bvnwz6lqhpzdl3q7txwpa",
                            "compartments.11.inactive_state": "",
                            "compartments.11.is_accessible": "false",
                            "compartments.11.name": "Jeff-comp",
                            "compartments.11.state": "ACTIVE",
                            "compartments.11.time_created": "2018-02-09 00:36:34.965 +0000 UTC",
                            "compartments.11.time_modified": "",
                            "compartments.12.compartment_id": "ocid1.tenancy.oc1..aaaaaaaaqaghoakhcdlsdsej676gkzli4gbeeqw3ge46kgnm224lagmfj4xq",
                            "compartments.12.defined_tags.%": "0",
                            "compartments.12.description": "Jeff Davies compartment",
                            "compartments.12.enable_delete": "false",
                            "compartments.12.freeform_tags.%": "0",
                            "compartments.12.id": "ocid1.compartment.oc1..aaaaaaaaz2temo62zss5ppgcqaqqifojdhk6ku6pmc2vbcihmvmtzavy7wjq",
                            "compartments.12.inactive_state": "",
                            "compartments.12.is_accessible": "false",
                            "compartments.12.name": "JeffD-comp",
                            "compartments.12.state": "ACTIVE",
                            "compartments.12.time_created": "2018-07-11 18:07:00.942 +0000 UTC",
                            "compartments.12.time_modified": "",
                            "compartments.13.compartment_id": "ocid1.tenancy.oc1..aaaaaaaaqaghoakhcdlsdsej676gkzli4gbeeqw3ge46kgnm224lagmfj4xq",
                            "compartments.13.defined_tags.%": "0",
                            "compartments.13.description": "Jorge's compartment",
                            "compartments.13.enable_delete": "false",
                            "compartments.13.freeform_tags.%": "0",
                            "compartments.13.id": "ocid1.compartment.oc1..aaaaaaaaqdhhoz5ab7ifeclylp22ti2e7jnjzss3rqqx7xqzigvggbgf5yvq",
                            "compartments.13.inactive_state": "",
                            "compartments.13.is_accessible": "false",
                            "compartments.13.name": "Jorge-comp",
                            "compartments.13.state": "ACTIVE",
                            "compartments.13.time_created": "2018-02-09 00:35:14.655 +0000 UTC",
                            "compartments.13.time_modified": "",
                            "compartments.14.compartment_id": "ocid1.tenancy.oc1..aaaaaaaaqaghoakhcdlsdsej676gkzli4gbeeqw3ge46kgnm224lagmfj4xq",
                            "compartments.14.defined_tags.%": "0",
                            "compartments.14.description": "Justin's compartment",
                            "compartments.14.enable_delete": "false",
                            "compartments.14.freeform_tags.%": "0",
                            "compartments.14.id": "ocid1.compartment.oc1..aaaaaaaaizru33epbgncwirfqbdvcvbf4sxhfdckyhmtrttlxh2khqo2efnq",
                            "compartments.14.inactive_state": "",
                            "compartments.14.is_accessible": "false",
                            "compartments.14.name": "Justin-comp",
                            "compartments.14.state": "ACTIVE",
                            "compartments.14.time_created": "2018-02-09 00:37:22.87 +0000 UTC",
                            "compartments.14.time_modified": "",
                            "compartments.15.compartment_id": "ocid1.tenancy.oc1..aaaaaaaaqaghoakhcdlsdsej676gkzli4gbeeqw3ge46kgnm224lagmfj4xq",
                            "compartments.15.defined_tags.%": "0",
                            "compartments.15.description": "Marcus compartment",
                            "compartments.15.enable_delete": "false",
                            "compartments.15.freeform_tags.%": "0",
                            "compartments.15.id": "ocid1.compartment.oc1..aaaaaaaaogfbibxftvbbfpjlg6ozxny2mog7dvm5i4awulc6vmxmc7rbeuta",
                            "compartments.15.inactive_state": "",
                            "compartments.15.is_accessible": "false",
                            "compartments.15.name": "Marcus-comp",
                            "compartments.15.state": "ACTIVE",
                            "compartments.15.time_created": "2018-07-11 16:28:35.117 +0000 UTC",
                            "compartments.15.time_modified": "",
                            "compartments.16.compartment_id": "ocid1.tenancy.oc1..aaaaaaaaqaghoakhcdlsdsej676gkzli4gbeeqw3ge46kgnm224lagmfj4xq",
                            "compartments.16.defined_tags.%": "0",
                            "compartments.16.description": "Work in this compartment",
                            "compartments.16.enable_delete": "false",
                            "compartments.16.freeform_tags.%": "0",
                            "compartments.16.id": "ocid1.compartment.oc1..aaaaaaaatgna7fwcdfs4erysv3dtnvqemqusudkmyhkj2j4bepskk4qmunpq",
                            "compartments.16.inactive_state": "",
                            "compartments.16.is_accessible": "false",
                            "compartments.16.name": "Michael-comp",
                            "compartments.16.state": "ACTIVE",
                            "compartments.16.time_created": "2018-01-30 21:01:18.653 +0000 UTC",
                            "compartments.16.time_modified": "",
                            "compartments.17.compartment_id": "ocid1.tenancy.oc1..aaaaaaaaqaghoakhcdlsdsej676gkzli4gbeeqw3ge46kgnm224lagmfj4xq",
                            "compartments.17.defined_tags.%": "0",
                            "compartments.17.description": "This compartment is to be used for our OCI workshop guests",
                            "compartments.17.enable_delete": "false",
                            "compartments.17.freeform_tags.%": "0",
                            "compartments.17.id": "ocid1.compartment.oc1..aaaaaaaaltxhxdxpmz2ofwoilg2qgp7ieqadu2yn7vlon5u4botn7kuywqta",
                            "compartments.17.inactive_state": "",
                            "compartments.17.is_accessible": "false",
                            "compartments.17.name": "OCI_Workshop",
                            "compartments.17.state": "ACTIVE",
                            "compartments.17.time_created": "2018-04-16 20:23:01.845 +0000 UTC",
                            "compartments.17.time_modified": "",
                            "compartments.18.compartment_id": "ocid1.tenancy.oc1..aaaaaaaaqaghoakhcdlsdsej676gkzli4gbeeqw3ge46kgnm224lagmfj4xq",
                            "compartments.18.defined_tags.%": "0",
                            "compartments.18.description": "test",
                            "compartments.18.enable_delete": "false",
                            "compartments.18.freeform_tags.%": "0",
                            "compartments.18.id": "ocid1.compartment.oc1..aaaaaaaahehelvotjxpgwmvltx5aehytg5hl3yzutwfybpcz4fm7dstgjjna",
                            "compartments.18.inactive_state": "",
                            "compartments.18.is_accessible": "false",
                            "compartments.18.name": "OCIWorkshop-comp",
                            "compartments.18.state": "ACTIVE",
                            "compartments.18.time_created": "2018-02-12 23:23:35.572 +0000 UTC",
                            "compartments.18.time_modified": "",
                            "compartments.19.compartment_id": "ocid1.tenancy.oc1..aaaaaaaaqaghoakhcdlsdsej676gkzli4gbeeqw3ge46kgnm224lagmfj4xq",
                            "compartments.19.defined_tags.%": "0",
                            "compartments.19.description": "Sharon's compartment",
                            "compartments.19.enable_delete": "false",
                            "compartments.19.freeform_tags.%": "0",
                            "compartments.19.id": "ocid1.compartment.oc1..aaaaaaaabotw3cfbidnkqatwv7mn5xtfky342dvzsq4bcuc3npjazwzl62sa",
                            "compartments.19.inactive_state": "",
                            "compartments.19.is_accessible": "false",
                            "compartments.19.name": "Sharon-comp",
                            "compartments.19.state": "ACTIVE",
                            "compartments.19.time_created": "2018-02-09 00:34:51.882 +0000 UTC",
                            "compartments.19.time_modified": "",
                            "compartments.2.compartment_id": "ocid1.tenancy.oc1..aaaaaaaaqaghoakhcdlsdsej676gkzli4gbeeqw3ge46kgnm224lagmfj4xq",
                            "compartments.2.defined_tags.%": "0",
                            "compartments.2.description": "Beide's compartment",
                            "compartments.2.enable_delete": "false",
                            "compartments.2.freeform_tags.%": "0",
                            "compartments.2.id": "ocid1.compartment.oc1..aaaaaaaayhevuzw36gj7h55syljmnr6jn2xh6hofdb7yybsua22ewdgu33kq",
                            "compartments.2.inactive_state": "",
                            "compartments.2.is_accessible": "false",
                            "compartments.2.name": "beide-comp.YDlkymeF",
                            "compartments.2.state": "DELETED",
                            "compartments.2.time_created": "2018-07-11 00:28:07.679 +0000 UTC",
                            "compartments.2.time_modified": "",
                            "compartments.20.compartment_id": "ocid1.tenancy.oc1..aaaaaaaaqaghoakhcdlsdsej676gkzli4gbeeqw3ge46kgnm224lagmfj4xq",
                            "compartments.20.defined_tags.%": "0",
                            "compartments.20.description": "Venkat's compartment",
                            "compartments.20.enable_delete": "false",
                            "compartments.20.freeform_tags.%": "0",
                            "compartments.20.id": "ocid1.compartment.oc1..aaaaaaaa4hiinrbyrhcir6ru3hmgvn3defe7rvupmewt73dzacsfk45c4k2a",
                            "compartments.20.inactive_state": "",
                            "compartments.20.is_accessible": "false",
                            "compartments.20.name": "Venkat-comp",
                            "compartments.20.state": "ACTIVE",
                            "compartments.20.time_created": "2018-02-09 01:21:46.964 +0000 UTC",
                            "compartments.20.time_modified": "",
                            "compartments.21.compartment_id": "ocid1.tenancy.oc1..aaaaaaaaqaghoakhcdlsdsej676gkzli4gbeeqw3ge46kgnm224lagmfj4xq",
                            "compartments.21.defined_tags.%": "0",
                            "compartments.21.description": "Compartment for Vilas Tulachan",
                            "compartments.21.enable_delete": "false",
                            "compartments.21.freeform_tags.%": "0",
                            "compartments.21.id": "ocid1.compartment.oc1..aaaaaaaa4nufxhtgkjk6ernbrzqhfotjaohfif2huvs5bmywx6kybmzi35ba",
                            "compartments.21.inactive_state": "",
                            "compartments.21.is_accessible": "false",
                            "compartments.21.name": "Vilas-comp",
                            "compartments.21.state": "ACTIVE",
                            "compartments.21.time_created": "2018-10-08 21:48:16.673 +0000 UTC",
                            "compartments.21.time_modified": "",
                            "compartments.3.compartment_id": "ocid1.tenancy.oc1..aaaaaaaaqaghoakhcdlsdsej676gkzli4gbeeqw3ge46kgnm224lagmfj4xq",
                            "compartments.3.defined_tags.%": "0",
                            "compartments.3.description": "Beide's play ground",
                            "compartments.3.enable_delete": "false",
                            "compartments.3.freeform_tags.%": "0",
                            "compartments.3.id": "ocid1.compartment.oc1..aaaaaaaa3e52xahmmvx7v4n3rrsanp7rs5fzpopn54qym7dk4e4a47ulixtq",
                            "compartments.3.inactive_state": "",
                            "compartments.3.is_accessible": "false",
                            "compartments.3.name": "Beide_comp",
                            "compartments.3.state": "ACTIVE",
                            "compartments.3.time_created": "2018-07-11 01:04:15.65 +0000 UTC",
                            "compartments.3.time_modified": "",
                            "compartments.4.compartment_id": "ocid1.tenancy.oc1..aaaaaaaaqaghoakhcdlsdsej676gkzli4gbeeqw3ge46kgnm224lagmfj4xq",
                            "compartments.4.defined_tags.%": "0",
                            "compartments.4.description": "Bella's compartment",
                            "compartments.4.enable_delete": "false",
                            "compartments.4.freeform_tags.%": "0",
                            "compartments.4.id": "ocid1.compartment.oc1..aaaaaaaaz6bltxduj5a4u2zh3yec63vpmwh5ub2pdx2uik5prtacaiarg6wa",
                            "compartments.4.inactive_state": "",
                            "compartments.4.is_accessible": "false",
                            "compartments.4.name": "bella-comp.OhaV1HvO",
                            "compartments.4.state": "DELETED",
                            "compartments.4.time_created": "2018-10-24 20:59:15.815 +0000 UTC",
                            "compartments.4.time_modified": "",
                            "compartments.5.compartment_id": "ocid1.tenancy.oc1..aaaaaaaaqaghoakhcdlsdsej676gkzli4gbeeqw3ge46kgnm224lagmfj4xq",
                            "compartments.5.defined_tags.%": "0",
                            "compartments.5.description": "Bella's Test - a compartment for terraform to provision Kubernetes",
                            "compartments.5.enable_delete": "false",
                            "compartments.5.freeform_tags.%": "0",
                            "compartments.5.id": "ocid1.compartment.oc1..aaaaaaaajiiojhp2bxqmixrbzvmtdvjbqdeanecgysoyewj6peyjkqkkls7q",
                            "compartments.5.inactive_state": "",
                            "compartments.5.is_accessible": "false",
                            "compartments.5.name": "Bellas-Demo",
                            "compartments.5.state": "ACTIVE",
                            "compartments.5.time_created": "2018-10-24 20:58:56.313 +0000 UTC",
                            "compartments.5.time_modified": "",
                            "compartments.6.compartment_id": "ocid1.tenancy.oc1..aaaaaaaaqaghoakhcdlsdsej676gkzli4gbeeqw3ge46kgnm224lagmfj4xq",
                            "compartments.6.defined_tags.%": "0",
                            "compartments.6.description": "Compartment for testing Cisco ASAv on OCI/KVM",
                            "compartments.6.enable_delete": "false",
                            "compartments.6.freeform_tags.%": "1",
                            "compartments.6.freeform_tags.name": "Cisco",
                            "compartments.6.id": "ocid1.compartment.oc1..aaaaaaaalnim2bbljtix4utlhpo2zqbdm6ukvalayfxrzpybnrhdbkbnfriq",
                            "compartments.6.inactive_state": "",
                            "compartments.6.is_accessible": "false",
                            "compartments.6.name": "CiscoComp",
                            "compartments.6.state": "ACTIVE",
                            "compartments.6.time_created": "2018-10-16 23:21:49.382 +0000 UTC",
                            "compartments.6.time_modified": "",
                            "compartments.7.compartment_id": "ocid1.tenancy.oc1..aaaaaaaaqaghoakhcdlsdsej676gkzli4gbeeqw3ge46kgnm224lagmfj4xq",
                            "compartments.7.defined_tags.%": "0",
                            "compartments.7.description": "Eugene's comp",
                            "compartments.7.enable_delete": "false",
                            "compartments.7.freeform_tags.%": "0",
                            "compartments.7.id": "ocid1.compartment.oc1..aaaaaaaaowvp6a2qup5vp3pvlyxthpoetd46q22vscvy4w7m3hryuczixuvq",
                            "compartments.7.inactive_state": "",
                            "compartments.7.is_accessible": "false",
                            "compartments.7.name": "Eugene-comp",
                            "compartments.7.state": "ACTIVE",
                            "compartments.7.time_created": "2018-02-09 00:37:06.873 +0000 UTC",
                            "compartments.7.time_modified": "",
                            "compartments.8.compartment_id": "ocid1.tenancy.oc1..aaaaaaaaqaghoakhcdlsdsej676gkzli4gbeeqw3ge46kgnm224lagmfj4xq",
                            "compartments.8.defined_tags.%": "0",
                            "compartments.8.description": "Geoff's compartment",
                            "compartments.8.enable_delete": "false",
                            "compartments.8.freeform_tags.%": "0",
                            "compartments.8.id": "ocid1.compartment.oc1..aaaaaaaao3drevvdvvcwdr2txd3cdvhmhh4dgv2bk3jrgbafccxjaxrjzsva",
                            "compartments.8.inactive_state": "",
                            "compartments.8.is_accessible": "false",
                            "compartments.8.name": "geoff-comp.evab8urc",
                            "compartments.8.state": "DELETED",
                            "compartments.8.time_created": "2018-02-09 00:36:20.944 +0000 UTC",
                            "compartments.8.time_modified": "",
                            "compartments.9.compartment_id": "ocid1.tenancy.oc1..aaaaaaaaqaghoakhcdlsdsej676gkzli4gbeeqw3ge46kgnm224lagmfj4xq",
                            "compartments.9.defined_tags.%": "0",
                            "compartments.9.description": "Hadas's compartment",
                            "compartments.9.enable_delete": "false",
                            "compartments.9.freeform_tags.%": "0",
                            "compartments.9.id": "ocid1.compartment.oc1..aaaaaaaaowdy7jndscef32bid4f2umedctkg2ggc2357f7l4lscawxr4yg2a",
                            "compartments.9.inactive_state": "",
                            "compartments.9.is_accessible": "false",
                            "compartments.9.name": "Hadas-comp",
                            "compartments.9.state": "ACTIVE",
                            "compartments.9.time_created": "2018-02-09 00:35:42.413 +0000 UTC",
                            "compartments.9.time_modified": "",
                            "id": "2018-11-13 13:30:56.9228746 +0000 UTC"
                        },
                        "meta": {},
                        "tainted": false
                    },
                    "deposed": [],
                    "provider": "provider.oci"
                },
                "null_resource.compartments.0": {
                    "type": "null_resource",
                    "depends_on": [
                        "data.oci_identity_compartments.compartmentList"
                    ],
                    "primary": {
                        "id": "7366711067595645878",
                        "attributes": {
                            "id": "7366711067595645878",
                            "triggers.%": "2",
                            "triggers.ids": "ocid1.compartment.oc1..aaaaaaaajdloco2usq6y24dudqirugj6ej44mpooogjes3penwtye4wp42uq",
                            "triggers.names": "Aditya-comp"
                        },
                        "meta": {},
                        "tainted": false
                    },
                    "deposed": [],
                    "provider": "provider.null"
                },
                "null_resource.compartments.1": {
                    "type": "null_resource",
                    "depends_on": [
                        "data.oci_identity_compartments.compartmentList"
                    ],
                    "primary": {
                        "id": "6324572868968487233",
                        "attributes": {
                            "id": "6324572868968487233",
                            "triggers.%": "2",
                            "triggers.ids": "ocid1.compartment.oc1..aaaaaaaao7vmy4d3giej24xt264hoqnlbt5722qaiul3ipc7hqvo6u26cjya",
                            "triggers.names": "available_for_resuse"
                        },
                        "meta": {},
                        "tainted": false
                    },
                    "deposed": [],
                    "provider": "provider.null"
                },
                "null_resource.compartments.10": {
                    "type": "null_resource",
                    "depends_on": [
                        "data.oci_identity_compartments.compartmentList"
                    ],
                    "primary": {
                        "id": "2193962580806490986",
                        "attributes": {
                            "id": "2193962580806490986",
                            "triggers.%": "2",
                            "triggers.ids": "ocid1.compartment.oc1..aaaaaaaaflize4z6plpi6pja3osxrax3jkpbopanksqifmnl5s5wcuwdyyhq",
                            "triggers.names": "Jag-comp"
                        },
                        "meta": {},
                        "tainted": false
                    },
                    "deposed": [],
                    "provider": "provider.null"
                },
                "null_resource.compartments.11": {
                    "type": "null_resource",
                    "depends_on": [
                        "data.oci_identity_compartments.compartmentList"
                    ],
                    "primary": {
                        "id": "303494214083766283",
                        "attributes": {
                            "id": "303494214083766283",
                            "triggers.%": "2",
                            "triggers.ids": "ocid1.compartment.oc1..aaaaaaaafi4svitnwdmpppeita6cr4fky6vyp26bvnwz6lqhpzdl3q7txwpa",
                            "triggers.names": "Jeff-comp"
                        },
                        "meta": {},
                        "tainted": false
                    },
                    "deposed": [],
                    "provider": "provider.null"
                },
                "null_resource.compartments.12": {
                    "type": "null_resource",
                    "depends_on": [
                        "data.oci_identity_compartments.compartmentList"
                    ],
                    "primary": {
                        "id": "8652133065292883063",
                        "attributes": {
                            "id": "8652133065292883063",
                            "triggers.%": "2",
                            "triggers.ids": "ocid1.compartment.oc1..aaaaaaaaz2temo62zss5ppgcqaqqifojdhk6ku6pmc2vbcihmvmtzavy7wjq",
                            "triggers.names": "JeffD-comp"
                        },
                        "meta": {},
                        "tainted": false
                    },
                    "deposed": [],
                    "provider": "provider.null"
                },
                "null_resource.compartments.13": {
                    "type": "null_resource",
                    "depends_on": [
                        "data.oci_identity_compartments.compartmentList"
                    ],
                    "primary": {
                        "id": "1100480609164352105",
                        "attributes": {
                            "id": "1100480609164352105",
                            "triggers.%": "2",
                            "triggers.ids": "ocid1.compartment.oc1..aaaaaaaaqdhhoz5ab7ifeclylp22ti2e7jnjzss3rqqx7xqzigvggbgf5yvq",
                            "triggers.names": "Jorge-comp"
                        },
                        "meta": {},
                        "tainted": false
                    },
                    "deposed": [],
                    "provider": "provider.null"
                },
                "null_resource.compartments.14": {
                    "type": "null_resource",
                    "depends_on": [
                        "data.oci_identity_compartments.compartmentList"
                    ],
                    "primary": {
                        "id": "7916697817833786280",
                        "attributes": {
                            "id": "7916697817833786280",
                            "triggers.%": "2",
                            "triggers.ids": "ocid1.compartment.oc1..aaaaaaaaizru33epbgncwirfqbdvcvbf4sxhfdckyhmtrttlxh2khqo2efnq",
                            "triggers.names": "Justin-comp"
                        },
                        "meta": {},
                        "tainted": false
                    },
                    "deposed": [],
                    "provider": "provider.null"
                },
                "null_resource.compartments.15": {
                    "type": "null_resource",
                    "depends_on": [
                        "data.oci_identity_compartments.compartmentList"
                    ],
                    "primary": {
                        "id": "7759370457865516925",
                        "attributes": {
                            "id": "7759370457865516925",
                            "triggers.%": "2",
                            "triggers.ids": "ocid1.compartment.oc1..aaaaaaaaogfbibxftvbbfpjlg6ozxny2mog7dvm5i4awulc6vmxmc7rbeuta",
                            "triggers.names": "Marcus-comp"
                        },
                        "meta": {},
                        "tainted": false
                    },
                    "deposed": [],
                    "provider": "provider.null"
                },
                "null_resource.compartments.16": {
                    "type": "null_resource",
                    "depends_on": [
                        "data.oci_identity_compartments.compartmentList"
                    ],
                    "primary": {
                        "id": "6254408821137774704",
                        "attributes": {
                            "id": "6254408821137774704",
                            "triggers.%": "2",
                            "triggers.ids": "ocid1.compartment.oc1..aaaaaaaatgna7fwcdfs4erysv3dtnvqemqusudkmyhkj2j4bepskk4qmunpq",
                            "triggers.names": "Michael-comp"
                        },
                        "meta": {},
                        "tainted": false
                    },
                    "deposed": [],
                    "provider": "provider.null"
                },
                "null_resource.compartments.17": {
                    "type": "null_resource",
                    "depends_on": [
                        "data.oci_identity_compartments.compartmentList"
                    ],
                    "primary": {
                        "id": "7090570321826762281",
                        "attributes": {
                            "id": "7090570321826762281",
                            "triggers.%": "2",
                            "triggers.ids": "ocid1.compartment.oc1..aaaaaaaaltxhxdxpmz2ofwoilg2qgp7ieqadu2yn7vlon5u4botn7kuywqta",
                            "triggers.names": "OCI_Workshop"
                        },
                        "meta": {},
                        "tainted": false
                    },
                    "deposed": [],
                    "provider": "provider.null"
                },
                "null_resource.compartments.18": {
                    "type": "null_resource",
                    "depends_on": [
                        "data.oci_identity_compartments.compartmentList"
                    ],
                    "primary": {
                        "id": "2026681956116448376",
                        "attributes": {
                            "id": "2026681956116448376",
                            "triggers.%": "2",
                            "triggers.ids": "ocid1.compartment.oc1..aaaaaaaahehelvotjxpgwmvltx5aehytg5hl3yzutwfybpcz4fm7dstgjjna",
                            "triggers.names": "OCIWorkshop-comp"
                        },
                        "meta": {},
                        "tainted": false
                    },
                    "deposed": [],
                    "provider": "provider.null"
                },
                "null_resource.compartments.19": {
                    "type": "null_resource",
                    "depends_on": [
                        "data.oci_identity_compartments.compartmentList"
                    ],
                    "primary": {
                        "id": "6176394189111071414",
                        "attributes": {
                            "id": "6176394189111071414",
                            "triggers.%": "2",
                            "triggers.ids": "ocid1.compartment.oc1..aaaaaaaabotw3cfbidnkqatwv7mn5xtfky342dvzsq4bcuc3npjazwzl62sa",
                            "triggers.names": "Sharon-comp"
                        },
                        "meta": {},
                        "tainted": false
                    },
                    "deposed": [],
                    "provider": "provider.null"
                },
                "null_resource.compartments.2": {
                    "type": "null_resource",
                    "depends_on": [
                        "data.oci_identity_compartments.compartmentList"
                    ],
                    "primary": {
                        "id": "80125524545694233",
                        "attributes": {
                            "id": "80125524545694233",
                            "triggers.%": "2",
                            "triggers.ids": "ocid1.compartment.oc1..aaaaaaaayhevuzw36gj7h55syljmnr6jn2xh6hofdb7yybsua22ewdgu33kq",
                            "triggers.names": "beide-comp.YDlkymeF"
                        },
                        "meta": {},
                        "tainted": false
                    },
                    "deposed": [],
                    "provider": "provider.null"
                },
                "null_resource.compartments.20": {
                    "type": "null_resource",
                    "depends_on": [
                        "data.oci_identity_compartments.compartmentList"
                    ],
                    "primary": {
                        "id": "514381516326118418",
                        "attributes": {
                            "id": "514381516326118418",
                            "triggers.%": "2",
                            "triggers.ids": "ocid1.compartment.oc1..aaaaaaaa4hiinrbyrhcir6ru3hmgvn3defe7rvupmewt73dzacsfk45c4k2a",
                            "triggers.names": "Venkat-comp"
                        },
                        "meta": {},
                        "tainted": false
                    },
                    "deposed": [],
                    "provider": "provider.null"
                },
                "null_resource.compartments.21": {
                    "type": "null_resource",
                    "depends_on": [
                        "data.oci_identity_compartments.compartmentList"
                    ],
                    "primary": {
                        "id": "5903733584760907840",
                        "attributes": {
                            "id": "5903733584760907840",
                            "triggers.%": "2",
                            "triggers.ids": "ocid1.compartment.oc1..aaaaaaaa4nufxhtgkjk6ernbrzqhfotjaohfif2huvs5bmywx6kybmzi35ba",
                            "triggers.names": "Vilas-comp"
                        },
                        "meta": {},
                        "tainted": false
                    },
                    "deposed": [],
                    "provider": "provider.null"
                },
                "null_resource.compartments.3": {
                    "type": "null_resource",
                    "depends_on": [
                        "data.oci_identity_compartments.compartmentList"
                    ],
                    "primary": {
                        "id": "7162954236449003466",
                        "attributes": {
                            "id": "7162954236449003466",
                            "triggers.%": "2",
                            "triggers.ids": "ocid1.compartment.oc1..aaaaaaaa3e52xahmmvx7v4n3rrsanp7rs5fzpopn54qym7dk4e4a47ulixtq",
                            "triggers.names": "Beide_comp"
                        },
                        "meta": {},
                        "tainted": false
                    },
                    "deposed": [],
                    "provider": "provider.null"
                },
                "null_resource.compartments.4": {
                    "type": "null_resource",
                    "depends_on": [
                        "data.oci_identity_compartments.compartmentList"
                    ],
                    "primary": {
                        "id": "2557607959184656320",
                        "attributes": {
                            "id": "2557607959184656320",
                            "triggers.%": "2",
                            "triggers.ids": "ocid1.compartment.oc1..aaaaaaaaz6bltxduj5a4u2zh3yec63vpmwh5ub2pdx2uik5prtacaiarg6wa",
                            "triggers.names": "bella-comp.OhaV1HvO"
                        },
                        "meta": {},
                        "tainted": false
                    },
                    "deposed": [],
                    "provider": "provider.null"
                },
                "null_resource.compartments.5": {
                    "type": "null_resource",
                    "depends_on": [
                        "data.oci_identity_compartments.compartmentList"
                    ],
                    "primary": {
                        "id": "437763029855870704",
                        "attributes": {
                            "id": "437763029855870704",
                            "triggers.%": "2",
                            "triggers.ids": "ocid1.compartment.oc1..aaaaaaaajiiojhp2bxqmixrbzvmtdvjbqdeanecgysoyewj6peyjkqkkls7q",
                            "triggers.names": "Bellas-Demo"
                        },
                        "meta": {},
                        "tainted": false
                    },
                    "deposed": [],
                    "provider": "provider.null"
                },
                "null_resource.compartments.6": {
                    "type": "null_resource",
                    "depends_on": [
                        "data.oci_identity_compartments.compartmentList"
                    ],
                    "primary": {
                        "id": "3367885121590072496",
                        "attributes": {
                            "id": "3367885121590072496",
                            "triggers.%": "2",
                            "triggers.ids": "ocid1.compartment.oc1..aaaaaaaalnim2bbljtix4utlhpo2zqbdm6ukvalayfxrzpybnrhdbkbnfriq",
                            "triggers.names": "CiscoComp"
                        },
                        "meta": {},
                        "tainted": false
                    },
                    "deposed": [],
                    "provider": "provider.null"
                },
                "null_resource.compartments.7": {
                    "type": "null_resource",
                    "depends_on": [
                        "data.oci_identity_compartments.compartmentList"
                    ],
                    "primary": {
                        "id": "6525322997843683388",
                        "attributes": {
                            "id": "6525322997843683388",
                            "triggers.%": "2",
                            "triggers.ids": "ocid1.compartment.oc1..aaaaaaaaowvp6a2qup5vp3pvlyxthpoetd46q22vscvy4w7m3hryuczixuvq",
                            "triggers.names": "Eugene-comp"
                        },
                        "meta": {},
                        "tainted": false
                    },
                    "deposed": [],
                    "provider": "provider.null"
                },
                "null_resource.compartments.8": {
                    "type": "null_resource",
                    "depends_on": [
                        "data.oci_identity_compartments.compartmentList"
                    ],
                    "primary": {
                        "id": "5802333075486268101",
                        "attributes": {
                            "id": "5802333075486268101",
                            "triggers.%": "2",
                            "triggers.ids": "ocid1.compartment.oc1..aaaaaaaao3drevvdvvcwdr2txd3cdvhmhh4dgv2bk3jrgbafccxjaxrjzsva",
                            "triggers.names": "geoff-comp.evab8urc"
                        },
                        "meta": {},
                        "tainted": false
                    },
                    "deposed": [],
                    "provider": "provider.null"
                },
                "null_resource.compartments.9": {
                    "type": "null_resource",
                    "depends_on": [
                        "data.oci_identity_compartments.compartmentList"
                    ],
                    "primary": {
                        "id": "7299105298342386511",
                        "attributes": {
                            "id": "7299105298342386511",
                            "triggers.%": "2",
                            "triggers.ids": "ocid1.compartment.oc1..aaaaaaaaowdy7jndscef32bid4f2umedctkg2ggc2357f7l4lscawxr4yg2a",
                            "triggers.names": "Hadas-comp"
                        },
                        "meta": {},
                        "tainted": false
                    },
                    "deposed": [],
                    "provider": "provider.null"
                },
                "null_resource.images.0": {
                    "type": "null_resource",
                    "depends_on": [
                        "data.oci_core_images.imageList"
                    ],
                    "primary": {
                        "id": "499633500192456787",
                        "attributes": {
                            "id": "499633500192456787",
                            "triggers.%": "2",
                            "triggers.ids": "ocid1.image.oc1.iad.aaaaaaaaxivvf5tcbyto4gmweykmxcq6bx2viznlrycqgdwbjascxyky5e2q",
                            "triggers.names": "Windows-Server-2016-Standard-Edition-VM-Gen2-2018.10.13-0"
                        },
                        "meta": {},
                        "tainted": false
                    },
                    "deposed": [],
                    "provider": "provider.null"
                },
                "null_resource.images.1": {
                    "type": "null_resource",
                    "depends_on": [
                        "data.oci_core_images.imageList"
                    ],
                    "primary": {
                        "id": "8677186382406961009",
                        "attributes": {
                            "id": "8677186382406961009",
                            "triggers.%": "2",
                            "triggers.ids": "ocid1.image.oc1.iad.aaaaaaaa7rzogee6x7pqwgsgvrlun3vcyxgipqjxbvb37urvqwedxbrut6ha",
                            "triggers.names": "Windows-Server-2016-Standard-Edition-VM-Gen2-2018.09.21-0"
                        },
                        "meta": {},
                        "tainted": false
                    },
                    "deposed": [],
                    "provider": "provider.null"
                },
                "null_resource.images.10": {
                    "type": "null_resource",
                    "depends_on": [
                        "data.oci_core_images.imageList"
                    ],
                    "primary": {
                        "id": "5375015980678890821",
                        "attributes": {
                            "id": "5375015980678890821",
                            "triggers.%": "2",
                            "triggers.ids": "ocid1.image.oc1.iad.aaaaaaaaxgzzrdoge7zxrjtmjqjhicaxsujljvaju3mbwryo5x5k5axlmsza",
                            "triggers.names": "Windows-Server-2012-R2-Standard-Edition-VM-Gen2-2018.10.12-0"
                        },
                        "meta": {},
                        "tainted": false
                    },
                    "deposed": [],
                    "provider": "provider.null"
                },
                "null_resource.images.11": {
                    "type": "null_resource",
                    "depends_on": [
                        "data.oci_core_images.imageList"
                    ],
                    "primary": {
                        "id": "3981176942705655093",
                        "attributes": {
                            "id": "3981176942705655093",
                            "triggers.%": "2",
                            "triggers.ids": "ocid1.image.oc1.iad.aaaaaaaanhy6ll23jvme3mnzijksog5ilng3gzurwhhlkzflvqzwwg7swyua",
                            "triggers.names": "Windows-Server-2012-R2-Standard-Edition-VM-Gen2-2018.09.11-0"
                        },
                        "meta": {},
                        "tainted": false
                    },
                    "deposed": [],
                    "provider": "provider.null"
                },
                "null_resource.images.12": {
                    "type": "null_resource",
                    "depends_on": [
                        "data.oci_core_images.imageList"
                    ],
                    "primary": {
                        "id": "621227636708927524",
                        "attributes": {
                            "id": "621227636708927524",
                            "triggers.%": "2",
                            "triggers.ids": "ocid1.image.oc1.iad.aaaaaaaageddkgkum5szs6wgqjaz2ajt6i5brbg3gubmp67veqvbod2zabka",
                            "triggers.names": "Windows-Server-2012-R2-Standard-Edition-VM-Gen2-2018.08.14-0"
                        },
                        "meta": {},
                        "tainted": false
                    },
                    "deposed": [],
                    "provider": "provider.null"
                },
                "null_resource.images.13": {
                    "type": "null_resource",
                    "depends_on": [
                        "data.oci_core_images.imageList"
                    ],
                    "primary": {
                        "id": "8291554308046086764",
                        "attributes": {
                            "id": "8291554308046086764",
                            "triggers.%": "2",
                            "triggers.ids": "ocid1.image.oc1.iad.aaaaaaaa3xpnmc2ddnkxwsuu2tvzrbhxxhgnpyfym62gbtnnmt745ohrq5ba",
                            "triggers.names": "Windows-Server-2012-R2-Standard-Edition-VM-2018.10.10-0"
                        },
                        "meta": {},
                        "tainted": false
                    },
                    "deposed": [],
                    "provider": "provider.null"
                },
                "null_resource.images.14": {
                    "type": "null_resource",
                    "depends_on": [
                        "data.oci_core_images.imageList"
                    ],
                    "primary": {
                        "id": "817954303369109354",
                        "attributes": {
                            "id": "817954303369109354",
                            "triggers.%": "2",
                            "triggers.ids": "ocid1.image.oc1.iad.aaaaaaaa6svo5jqjp2kwxhgvdkfg62kkqgcwcka75uargcw4lc4s2nu7ot7a",
                            "triggers.names": "Windows-Server-2012-R2-Standard-Edition-VM-2018.09.11-0"
                        },
                        "meta": {},
                        "tainted": false
                    },
                    "deposed": [],
                    "provider": "provider.null"
                },
                "null_resource.images.15": {
                    "type": "null_resource",
                    "depends_on": [
                        "data.oci_core_images.imageList"
                    ],
                    "primary": {
                        "id": "2169741552635873132",
                        "attributes": {
                            "id": "2169741552635873132",
                            "triggers.%": "2",
                            "triggers.ids": "ocid1.image.oc1.iad.aaaaaaaasux3wm7lgdzdt5ypt7qqxfixkhukp7obhoofzanl7rz5seq6rfza",
                            "triggers.names": "Windows-Server-2012-R2-Standard-Edition-VM-2018.08.14-0"
                        },
                        "meta": {},
                        "tainted": false
                    },
                    "deposed": [],
                    "provider": "provider.null"
                },
                "null_resource.images.16": {
                    "type": "null_resource",
                    "depends_on": [
                        "data.oci_core_images.imageList"
                    ],
                    "primary": {
                        "id": "7544515451738491136",
                        "attributes": {
                            "id": "7544515451738491136",
                            "triggers.%": "2",
                            "triggers.ids": "ocid1.image.oc1.iad.aaaaaaaadebtii3sibo22e4zabixkbbxosyowmu7bya73fnjfpdqtlgcs5ra",
                            "triggers.names": "Windows-Server-2012-R2-Datacenter-Edition-BM-Gen2-E2-2018.10.17-0"
                        },
                        "meta": {},
                        "tainted": false
                    },
                    "deposed": [],
                    "provider": "provider.null"
                },
                "null_resource.images.17": {
                    "type": "null_resource",
                    "depends_on": [
                        "data.oci_core_images.imageList"
                    ],
                    "primary": {
                        "id": "2175470243713380173",
                        "attributes": {
                            "id": "2175470243713380173",
                            "triggers.%": "2",
                            "triggers.ids": "ocid1.image.oc1.iad.aaaaaaaaeapp2x7hsoqk5rlhvmjbgk7d3ddsluounwtgovknnidnkcqqo7aq",
                            "triggers.names": "Windows-Server-2012-R2-Datacenter-Edition-BM-Gen2-DenseIO-2018.10.10-0"
                        },
                        "meta": {},
                        "tainted": false
                    },
                    "deposed": [],
                    "provider": "provider.null"
                },
                "null_resource.images.18": {
                    "type": "null_resource",
                    "depends_on": [
                        "data.oci_core_images.imageList"
                    ],
                    "primary": {
                        "id": "6106499275013390901",
                        "attributes": {
                            "id": "6106499275013390901",
                            "triggers.%": "2",
                            "triggers.ids": "ocid1.image.oc1.iad.aaaaaaaaubymy5ykbscumyjhzekeusflfapjjpchix6hyasrxhuzdi5ox2pq",
                            "triggers.names": "Windows-Server-2012-R2-Datacenter-Edition-BM-Gen2-DenseIO-2018.09.11-0"
                        },
                        "meta": {},
                        "tainted": false
                    },
                    "deposed": [],
                    "provider": "provider.null"
                },
                "null_resource.images.19": {
                    "type": "null_resource",
                    "depends_on": [
                        "data.oci_core_images.imageList"
                    ],
                    "primary": {
                        "id": "5129595102472663779",
                        "attributes": {
                            "id": "5129595102472663779",
                            "triggers.%": "2",
                            "triggers.ids": "ocid1.image.oc1.iad.aaaaaaaaglspg63kbwrrskubsoglohbbowzck5355marj2eixk2rqilfbyja",
                            "triggers.names": "Windows-Server-2012-R2-Datacenter-Edition-BM-Gen2-DenseIO-2018.08.15-0"
                        },
                        "meta": {},
                        "tainted": false
                    },
                    "deposed": [],
                    "provider": "provider.null"
                },
                "null_resource.images.2": {
                    "type": "null_resource",
                    "depends_on": [
                        "data.oci_core_images.imageList"
                    ],
                    "primary": {
                        "id": "8373506255036117356",
                        "attributes": {
                            "id": "8373506255036117356",
                            "triggers.%": "2",
                            "triggers.ids": "ocid1.image.oc1.iad.aaaaaaaaz43cwpkndgjk35uqqb7hpp6a52boci6rsf7ctkyzviqaosg6m3aq",
                            "triggers.names": "Windows-Server-2016-Standard-Edition-VM-Gen2-2018.08.16-0"
                        },
                        "meta": {},
                        "tainted": false
                    },
                    "deposed": [],
                    "provider": "provider.null"
                },
                "null_resource.images.20": {
                    "type": "null_resource",
                    "depends_on": [
                        "data.oci_core_images.imageList"
                    ],
                    "primary": {
                        "id": "2455241310355172508",
                        "attributes": {
                            "id": "2455241310355172508",
                            "triggers.%": "2",
                            "triggers.ids": "ocid1.image.oc1.iad.aaaaaaaa53235bvapcyaw34ve6pwr65uxywasuofoo5j6viut3ugsdddi7sq",
                            "triggers.names": "Windows-Server-2012-R2-Datacenter-Edition-BM-Gen2-2018.10.11-0"
                        },
                        "meta": {},
                        "tainted": false
                    },
                    "deposed": [],
                    "provider": "provider.null"
                },
                "null_resource.images.21": {
                    "type": "null_resource",
                    "depends_on": [
                        "data.oci_core_images.imageList"
                    ],
                    "primary": {
                        "id": "1315512823553083794",
                        "attributes": {
                            "id": "1315512823553083794",
                            "triggers.%": "2",
                            "triggers.ids": "ocid1.image.oc1.iad.aaaaaaaa5vwrm475wgvvtgnjymag43rdkbs2am5qvuluxenuispxzorefrqa",
                            "triggers.names": "Windows-Server-2012-R2-Datacenter-Edition-BM-Gen2-2018.09.11-0"
                        },
                        "meta": {},
                        "tainted": false
                    },
                    "deposed": [],
                    "provider": "provider.null"
                },
                "null_resource.images.22": {
                    "type": "null_resource",
                    "depends_on": [
                        "data.oci_core_images.imageList"
                    ],
                    "primary": {
                        "id": "5516843846548981913",
                        "attributes": {
                            "id": "5516843846548981913",
                            "triggers.%": "2",
                            "triggers.ids": "ocid1.image.oc1.iad.aaaaaaaaktlusvpweohbtxpliothz3zao4ktennvbgftfvpxyplavyo5iv7a",
                            "triggers.names": "Windows-Server-2012-R2-Datacenter-Edition-BM-Gen2-2018.08.15-0"
                        },
                        "meta": {},
                        "tainted": false
                    },
                    "deposed": [],
                    "provider": "provider.null"
                },
                "null_resource.images.23": {
                    "type": "null_resource",
                    "depends_on": [
                        "data.oci_core_images.imageList"
                    ],
                    "primary": {
                        "id": "2620569332148993088",
                        "attributes": {
                            "id": "2620569332148993088",
                            "triggers.%": "2",
                            "triggers.ids": "ocid1.image.oc1.iad.aaaaaaaaxzui6ufuzdfqupv2krxye3vbrhf4zbuzg2f75nerzxqpdcah3jya",
                            "triggers.names": "Windows-Server-2012-R2-Datacenter-Edition-BM-2018.10.10-0"
                        },
                        "meta": {},
                        "tainted": false
                    },
                    "deposed": [],
                    "provider": "provider.null"
                },
                "null_resource.images.24": {
                    "type": "null_resource",
                    "depends_on": [
                        "data.oci_core_images.imageList"
                    ],
                    "primary": {
                        "id": "89254046387710399",
                        "attributes": {
                            "id": "89254046387710399",
                            "triggers.%": "2",
                            "triggers.ids": "ocid1.image.oc1.iad.aaaaaaaa5azrqm4p2fexuc774smwpykua4sim3xrvh55yikvc7nz2jmlqqfa",
                            "triggers.names": "Windows-Server-2012-R2-Datacenter-Edition-BM-2018.09.12-0"
                        },
                        "meta": {},
                        "tainted": false
                    },
                    "deposed": [],
                    "provider": "provider.null"
                },
                "null_resource.images.25": {
                    "type": "null_resource",
                    "depends_on": [
                        "data.oci_core_images.imageList"
                    ],
                    "primary": {
                        "id": "9122932926070999254",
                        "attributes": {
                            "id": "9122932926070999254",
                            "triggers.%": "2",
                            "triggers.ids": "ocid1.image.oc1.iad.aaaaaaaahsl4qidvpw37336s5qhj4x3q5togdp5ieqmk5px5y3exltznigda",
                            "triggers.names": "Windows-Server-2012-R2-Datacenter-Edition-BM-2018.08.15-0"
                        },
                        "meta": {},
                        "tainted": false
                    },
                    "deposed": [],
                    "provider": "provider.null"
                },
                "null_resource.images.26": {
                    "type": "null_resource",
                    "depends_on": [
                        "data.oci_core_images.imageList"
                    ],
                    "primary": {
                        "id": "2412502698722657505",
                        "attributes": {
                            "id": "2412502698722657505",
                            "triggers.%": "2",
                            "triggers.ids": "ocid1.image.oc1.iad.aaaaaaaauzg4rj5qc3v36w7pgqdixvxdg4lj4po6bswawwgxlbehwurj3d7a",
                            "triggers.names": "Windows-Server-2008-R2-Enterprise-Edition-VM-Gen2-2018.10.10-0"
                        },
                        "meta": {},
                        "tainted": false
                    },
                    "deposed": [],
                    "provider": "provider.null"
                },
                "null_resource.images.27": {
                    "type": "null_resource",
                    "depends_on": [
                        "data.oci_core_images.imageList"
                    ],
                    "primary": {
                        "id": "6278308641275866306",
                        "attributes": {
                            "id": "6278308641275866306",
                            "triggers.%": "2",
                            "triggers.ids": "ocid1.image.oc1.iad.aaaaaaaaywq6nhaxcozzb3ufgaaxap5a72p2hzxfrhsinroavhqes27onlua",
                            "triggers.names": "Windows-Server-2008-R2-Enterprise-Edition-VM-Gen2-2018.09.12-0"
                        },
                        "meta": {},
                        "tainted": false
                    },
                    "deposed": [],
                    "provider": "provider.null"
                },
                "null_resource.images.28": {
                    "type": "null_resource",
                    "depends_on": [
                        "data.oci_core_images.imageList"
                    ],
                    "primary": {
                        "id": "6131414283908293100",
                        "attributes": {
                            "id": "6131414283908293100",
                            "triggers.%": "2",
                            "triggers.ids": "ocid1.image.oc1.iad.aaaaaaaalvuaindrwbhm3s7xwxn6vism3hwzu6jq643ouqi445ailt6aqtda",
                            "triggers.names": "Windows-Server-2008-R2-Enterprise-Edition-VM-Gen2-2018.08.15-0"
                        },
                        "meta": {},
                        "tainted": false
                    },
                    "deposed": [],
                    "provider": "provider.null"
                },
                "null_resource.images.29": {
                    "type": "null_resource",
                    "depends_on": [
                        "data.oci_core_images.imageList"
                    ],
                    "primary": {
                        "id": "4004786118324012744",
                        "attributes": {
                            "id": "4004786118324012744",
                            "triggers.%": "2",
                            "triggers.ids": "ocid1.image.oc1.iad.aaaaaaaam4qw4xjqyektdkhcvozzd4lxdsxxjjpnnqmxk3cbe3jtdrxuxplq",
                            "triggers.names": "Windows-Server-2008-R2-Enterprise-Edition-VM-2018.10.10-0"
                        },
                        "meta": {},
                        "tainted": false
                    },
                    "deposed": [],
                    "provider": "provider.null"
                },
                "null_resource.images.3": {
                    "type": "null_resource",
                    "depends_on": [
                        "data.oci_core_images.imageList"
                    ],
                    "primary": {
                        "id": "7414854731354797527",
                        "attributes": {
                            "id": "7414854731354797527",
                            "triggers.%": "2",
                            "triggers.ids": "ocid1.image.oc1.iad.aaaaaaaa63ab3layl624eppadqr3f5qpjem2hvdsinxyembasbbchh6uok5a",
                            "triggers.names": "Windows-Server-2016-Datacenter-Edition-BM-Gen2-E2-2018.10.17-0"
                        },
                        "meta": {},
                        "tainted": false
                    },
                    "deposed": [],
                    "provider": "provider.null"
                },
                "null_resource.images.30": {
                    "type": "null_resource",
                    "depends_on": [
                        "data.oci_core_images.imageList"
                    ],
                    "primary": {
                        "id": "1943921049777758214",
                        "attributes": {
                            "id": "1943921049777758214",
                            "triggers.%": "2",
                            "triggers.ids": "ocid1.image.oc1.iad.aaaaaaaazp4ofmtrhyoptlltf7n7tpziykwdfogazfsca7u6u3rqzhquwvpq",
                            "triggers.names": "Windows-Server-2008-R2-Enterprise-Edition-VM-2018.09.13-0"
                        },
                        "meta": {},
                        "tainted": false
                    },
                    "deposed": [],
                    "provider": "provider.null"
                },
                "null_resource.images.31": {
                    "type": "null_resource",
                    "depends_on": [
                        "data.oci_core_images.imageList"
                    ],
                    "primary": {
                        "id": "2373337216277822305",
                        "attributes": {
                            "id": "2373337216277822305",
                            "triggers.%": "2",
                            "triggers.ids": "ocid1.image.oc1.iad.aaaaaaaaxhnr4qsguvug7wxmdivfax2b7efhltwk3ygal7ra2bfqigr5husq",
                            "triggers.names": "Windows-Server-2008-R2-Enterprise-Edition-VM-2018.08.15-0"
                        },
                        "meta": {},
                        "tainted": false
                    },
                    "deposed": [],
                    "provider": "provider.null"
                },
                "null_resource.images.32": {
                    "type": "null_resource",
                    "depends_on": [
                        "data.oci_core_images.imageList"
                    ],
                    "primary": {
                        "id": "1941635811051211341",
                        "attributes": {
                            "id": "1941635811051211341",
                            "triggers.%": "2",
                            "triggers.ids": "ocid1.image.oc1.iad.aaaaaaaauai7xdsfcole37qx65vlx2q4irxjargla47247hyghkqiugzshuq",
                            "triggers.names": "Oracle-Linux-7.5-Gen2-GPU-2018.10.16-0"
                        },
                        "meta": {},
                        "tainted": false
                    },
                    "deposed": [],
                    "provider": "provider.null"
                },
                "null_resource.images.33": {
                    "type": "null_resource",
                    "depends_on": [
                        "data.oci_core_images.imageList"
                    ],
                    "primary": {
                        "id": "4921320629488939628",
                        "attributes": {
                            "id": "4921320629488939628",
                            "triggers.%": "2",
                            "triggers.ids": "ocid1.image.oc1.iad.aaaaaaaaaldtzd3czlcc3qma3tewagjimeidznhegzzakrnliof4wynz2q7q",
                            "triggers.names": "Oracle-Linux-7.5-Gen2-GPU-2018.09.25-0"
                        },
                        "meta": {},
                        "tainted": false
                    },
                    "deposed": [],
                    "provider": "provider.null"
                },
                "null_resource.images.34": {
                    "type": "null_resource",
                    "depends_on": [
                        "data.oci_core_images.imageList"
                    ],
                    "primary": {
                        "id": "1025205873984559155",
                        "attributes": {
                            "id": "1025205873984559155",
                            "triggers.%": "2",
                            "triggers.ids": "ocid1.image.oc1.iad.aaaaaaaapq5wdwd7y2c57iqi3vduixk7oxwduni5cbtjmeskocg5thrlqo5a",
                            "triggers.names": "Oracle-Linux-7.5-Gen2-GPU-2018.08.14-0"
                        },
                        "meta": {},
                        "tainted": false
                    },
                    "deposed": [],
                    "provider": "provider.null"
                },
                "null_resource.images.35": {
                    "type": "null_resource",
                    "depends_on": [
                        "data.oci_core_images.imageList"
                    ],
                    "primary": {
                        "id": "4513368399095023697",
                        "attributes": {
                            "id": "4513368399095023697",
                            "triggers.%": "2",
                            "triggers.ids": "ocid1.image.oc1.iad.aaaaaaaageeenzyuxgia726xur4ztaoxbxyjlxogdhreu3ngfj2gji3bayda",
                            "triggers.names": "Oracle-Linux-7.5-2018.10.16-0"
                        },
                        "meta": {},
                        "tainted": false
                    },
                    "deposed": [],
                    "provider": "provider.null"
                },
                "null_resource.images.36": {
                    "type": "null_resource",
                    "depends_on": [
                        "data.oci_core_images.imageList"
                    ],
                    "primary": {
                        "id": "5008376835724775136",
                        "attributes": {
                            "id": "5008376835724775136",
                            "triggers.%": "2",
                            "triggers.ids": "ocid1.image.oc1.iad.aaaaaaaaiu73xa6afjzskjwvt3j5shpmboxtlo7yw4xpeqpdz5czpde7px2a",
                            "triggers.names": "Oracle-Linux-7.5-2018.09.25-0"
                        },
                        "meta": {},
                        "tainted": false
                    },
                    "deposed": [],
                    "provider": "provider.null"
                },
                "null_resource.images.37": {
                    "type": "null_resource",
                    "depends_on": [
                        "data.oci_core_images.imageList"
                    ],
                    "primary": {
                        "id": "6634331003971961580",
                        "attributes": {
                            "id": "6634331003971961580",
                            "triggers.%": "2",
                            "triggers.ids": "ocid1.image.oc1.iad.aaaaaaaa2tq67tvbeavcmioghquci6p3pvqwbneq3vfy7fe7m7geiga4cnxa",
                            "triggers.names": "Oracle-Linux-7.5-2018.08.14-0"
                        },
                        "meta": {},
                        "tainted": false
                    },
                    "deposed": [],
                    "provider": "provider.null"
                },
                "null_resource.images.38": {
                    "type": "null_resource",
                    "depends_on": [
                        "data.oci_core_images.imageList"
                    ],
                    "primary": {
                        "id": "818613383249131921",
                        "attributes": {
                            "id": "818613383249131921",
                            "triggers.%": "2",
                            "triggers.ids": "ocid1.image.oc1.iad.aaaaaaaa4p7lmca6svxqpej3susnxv4mu6ktfi64tympnsxfptkgzsqevbcq",
                            "triggers.names": "Oracle-Linux-6.10-2018.10.17-1"
                        },
                        "meta": {},
                        "tainted": false
                    },
                    "deposed": [],
                    "provider": "provider.null"
                },
                "null_resource.images.39": {
                    "type": "null_resource",
                    "depends_on": [
                        "data.oci_core_images.imageList"
                    ],
                    "primary": {
                        "id": "3065353075166162753",
                        "attributes": {
                            "id": "3065353075166162753",
                            "triggers.%": "2",
                            "triggers.ids": "ocid1.image.oc1.iad.aaaaaaaadkzd3olmhauhkucuvbmpa3nisd2z6pfsq3bsft555bzca6exxcga",
                            "triggers.names": "Oracle-Linux-6.10-2018.09.25-0"
                        },
                        "meta": {},
                        "tainted": false
                    },
                    "deposed": [],
                    "provider": "provider.null"
                },
                "null_resource.images.4": {
                    "type": "null_resource",
                    "depends_on": [
                        "data.oci_core_images.imageList"
                    ],
                    "primary": {
                        "id": "6468286115693453574",
                        "attributes": {
                            "id": "6468286115693453574",
                            "triggers.%": "2",
                            "triggers.ids": "ocid1.image.oc1.iad.aaaaaaaa4alutrrrvlzfgsugnr62kg3cfucmpdxpavoyz7pdh7uxnjvt5ema",
                            "triggers.names": "Windows-Server-2016-Datacenter-Edition-BM-Gen2-DenseIO-2018.10.10-0"
                        },
                        "meta": {},
                        "tainted": false
                    },
                    "deposed": [],
                    "provider": "provider.null"
                },
                "null_resource.images.40": {
                    "type": "null_resource",
                    "depends_on": [
                        "data.oci_core_images.imageList"
                    ],
                    "primary": {
                        "id": "1385148402592150651",
                        "attributes": {
                            "id": "1385148402592150651",
                            "triggers.%": "2",
                            "triggers.ids": "ocid1.image.oc1.iad.aaaaaaaa6kbmads5tuf4ztjdrozwpknscrisu4uzcgu2fcq77armuhf4dfiq",
                            "triggers.names": "Oracle-Linux-6.10-2018.08.14-0"
                        },
                        "meta": {},
                        "tainted": false
                    },
                    "deposed": [],
                    "provider": "provider.null"
                },
                "null_resource.images.41": {
                    "type": "null_resource",
                    "depends_on": [
                        "data.oci_core_images.imageList"
                    ],
                    "primary": {
                        "id": "4380425368466665553",
                        "attributes": {
                            "id": "4380425368466665553",
                            "triggers.%": "2",
                            "triggers.ids": "ocid1.image.oc1.iad.aaaaaaaavujqgegoqyinkxzigumlwydq42vyf6nr3sfl7ram577zzlz2clpa",
                            "triggers.names": "CentOS-7-2018.10.12-0"
                        },
                        "meta": {},
                        "tainted": false
                    },
                    "deposed": [],
                    "provider": "provider.null"
                },
                "null_resource.images.42": {
                    "type": "null_resource",
                    "depends_on": [
                        "data.oci_core_images.imageList"
                    ],
                    "primary": {
                        "id": "9016219000548375127",
                        "attributes": {
                            "id": "9016219000548375127",
                            "triggers.%": "2",
                            "triggers.ids": "ocid1.image.oc1.iad.aaaaaaaagdujmsshklwaskezsgonoq5o2whylk4ioqvojlbujeo6p2mw3piq",
                            "triggers.names": "CentOS-7-2018.09.19-0"
                        },
                        "meta": {},
                        "tainted": false
                    },
                    "deposed": [],
                    "provider": "provider.null"
                },
                "null_resource.images.43": {
                    "type": "null_resource",
                    "depends_on": [
                        "data.oci_core_images.imageList"
                    ],
                    "primary": {
                        "id": "6979691308470141672",
                        "attributes": {
                            "id": "6979691308470141672",
                            "triggers.%": "2",
                            "triggers.ids": "ocid1.image.oc1.iad.aaaaaaaah6ui3hcaq7d43esyrfmyqb3mwuzn4uoxjlbbdwoiicdmntlvwpda",
                            "triggers.names": "CentOS-7-2018.08.15-0"
                        },
                        "meta": {},
                        "tainted": false
                    },
                    "deposed": [],
                    "provider": "provider.null"
                },
                "null_resource.images.44": {
                    "type": "null_resource",
                    "depends_on": [
                        "data.oci_core_images.imageList"
                    ],
                    "primary": {
                        "id": "2268818673767043643",
                        "attributes": {
                            "id": "2268818673767043643",
                            "triggers.%": "2",
                            "triggers.ids": "ocid1.image.oc1.iad.aaaaaaaakybww43czt2enogjvyuidduy7zi3eiv75rh5h3gwptaefejlujba",
                            "triggers.names": "CentOS-6.10-2018.10.12-0"
                        },
                        "meta": {},
                        "tainted": false
                    },
                    "deposed": [],
                    "provider": "provider.null"
                },
                "null_resource.images.45": {
                    "type": "null_resource",
                    "depends_on": [
                        "data.oci_core_images.imageList"
                    ],
                    "primary": {
                        "id": "2444249826433203506",
                        "attributes": {
                            "id": "2444249826433203506",
                            "triggers.%": "2",
                            "triggers.ids": "ocid1.image.oc1.iad.aaaaaaaarvcr776kfwzsozuwzjtqq3qq72p3pincmthy7bucvorrkr3t4kuq",
                            "triggers.names": "CentOS-6.10-2018.09.19-0"
                        },
                        "meta": {},
                        "tainted": false
                    },
                    "deposed": [],
                    "provider": "provider.null"
                },
                "null_resource.images.46": {
                    "type": "null_resource",
                    "depends_on": [
                        "data.oci_core_images.imageList"
                    ],
                    "primary": {
                        "id": "7335698262974774483",
                        "attributes": {
                            "id": "7335698262974774483",
                            "triggers.%": "2",
                            "triggers.ids": "ocid1.image.oc1.iad.aaaaaaaafjth3ljlnwsw2elccwu5igjer64bs3wkly2trqblbkv4ryen6qxq",
                            "triggers.names": "CentOS-6.10-2018.08.15-0"
                        },
                        "meta": {},
                        "tainted": false
                    },
                    "deposed": [],
                    "provider": "provider.null"
                },
                "null_resource.images.47": {
                    "type": "null_resource",
                    "depends_on": [
                        "data.oci_core_images.imageList"
                    ],
                    "primary": {
                        "id": "7487076046815777814",
                        "attributes": {
                            "id": "7487076046815777814",
                            "triggers.%": "2",
                            "triggers.ids": "ocid1.image.oc1.iad.aaaaaaaabdnn67qceu5nkprpvlsifow6rywxm3gm7wzl4fr7ufcvvecblhgq",
                            "triggers.names": "Canonical-Ubuntu-18.04-2018.10.16-0"
                        },
                        "meta": {},
                        "tainted": false
                    },
                    "deposed": [],
                    "provider": "provider.null"
                },
                "null_resource.images.48": {
                    "type": "null_resource",
                    "depends_on": [
                        "data.oci_core_images.imageList"
                    ],
                    "primary": {
                        "id": "8618665681252610169",
                        "attributes": {
                            "id": "8618665681252610169",
                            "triggers.%": "2",
                            "triggers.ids": "ocid1.image.oc1.iad.aaaaaaaahmblavdr6elu7gmt3jqtjcu2uitlzieb4jv3hh675sjqwadxv5pa",
                            "triggers.names": "Canonical-Ubuntu-18.04-2018.09.19-0"
                        },
                        "meta": {},
                        "tainted": false
                    },
                    "deposed": [],
                    "provider": "provider.null"
                },
                "null_resource.images.49": {
                    "type": "null_resource",
                    "depends_on": [
                        "data.oci_core_images.imageList"
                    ],
                    "primary": {
                        "id": "2214732190782770540",
                        "attributes": {
                            "id": "2214732190782770540",
                            "triggers.%": "2",
                            "triggers.ids": "ocid1.image.oc1.iad.aaaaaaaapx7m52arfwbm25ka5bqb7dcka64suou5yth7erg3ywgqorvq4doq",
                            "triggers.names": "Canonical-Ubuntu-18.04-2018.08.15-0"
                        },
                        "meta": {},
                        "tainted": false
                    },
                    "deposed": [],
                    "provider": "provider.null"
                },
                "null_resource.images.5": {
                    "type": "null_resource",
                    "depends_on": [
                        "data.oci_core_images.imageList"
                    ],
                    "primary": {
                        "id": "4024214556591512242",
                        "attributes": {
                            "id": "4024214556591512242",
                            "triggers.%": "2",
                            "triggers.ids": "ocid1.image.oc1.iad.aaaaaaaapczcdb6ykgjhux5wtcosf34zjlgq73tqudzyhj5ud3fyj65fdeca",
                            "triggers.names": "Windows-Server-2016-Datacenter-Edition-BM-Gen2-DenseIO-2018.09.18-0"
                        },
                        "meta": {},
                        "tainted": false
                    },
                    "deposed": [],
                    "provider": "provider.null"
                },
                "null_resource.images.50": {
                    "type": "null_resource",
                    "depends_on": [
                        "data.oci_core_images.imageList"
                    ],
                    "primary": {
                        "id": "439671835227250398",
                        "attributes": {
                            "id": "439671835227250398",
                            "triggers.%": "2",
                            "triggers.ids": "ocid1.image.oc1.iad.aaaaaaaatdy2cuea26em2fpwieho2tzujamkobqgzhwilwc2olshm54ihtna",
                            "triggers.names": "Canonical-Ubuntu-16.04-Gen2-GPU-2018.10.16-0"
                        },
                        "meta": {},
                        "tainted": false
                    },
                    "deposed": [],
                    "provider": "provider.null"
                },
                "null_resource.images.51": {
                    "type": "null_resource",
                    "depends_on": [
                        "data.oci_core_images.imageList"
                    ],
                    "primary": {
                        "id": "839469443523181379",
                        "attributes": {
                            "id": "839469443523181379",
                            "triggers.%": "2",
                            "triggers.ids": "ocid1.image.oc1.iad.aaaaaaaatok4lzqcpbkecbtm2d444275q3ra6gitf7vdqff7woicfprtqjea",
                            "triggers.names": "Canonical-Ubuntu-16.04-Gen2-GPU-2018.09.19-0"
                        },
                        "meta": {},
                        "tainted": false
                    },
                    "deposed": [],
                    "provider": "provider.null"
                },
                "null_resource.images.52": {
                    "type": "null_resource",
                    "depends_on": [
                        "data.oci_core_images.imageList"
                    ],
                    "primary": {
                        "id": "3496328745311819455",
                        "attributes": {
                            "id": "3496328745311819455",
                            "triggers.%": "2",
                            "triggers.ids": "ocid1.image.oc1.iad.aaaaaaaapmjxgjo7zjfmsxy3qalalgrh3sm7aw4u6npzvmtpetsogkyuaisq",
                            "triggers.names": "Canonical-Ubuntu-16.04-Gen2-GPU-2018.08.15-0"
                        },
                        "meta": {},
                        "tainted": false
                    },
                    "deposed": [],
                    "provider": "provider.null"
                },
                "null_resource.images.53": {
                    "type": "null_resource",
                    "depends_on": [
                        "data.oci_core_images.imageList"
                    ],
                    "primary": {
                        "id": "4348261309326482065",
                        "attributes": {
                            "id": "4348261309326482065",
                            "triggers.%": "2",
                            "triggers.ids": "ocid1.image.oc1.iad.aaaaaaaaau7nws7rghq6ob22m5hqsf7gugskz7hm53n4tuv3kcpvgwio5kdq",
                            "triggers.names": "Canonical-Ubuntu-16.04-2018.10.16-0"
                        },
                        "meta": {},
                        "tainted": false
                    },
                    "deposed": [],
                    "provider": "provider.null"
                },
                "null_resource.images.54": {
                    "type": "null_resource",
                    "depends_on": [
                        "data.oci_core_images.imageList"
                    ],
                    "primary": {
                        "id": "2636874671932018060",
                        "attributes": {
                            "id": "2636874671932018060",
                            "triggers.%": "2",
                            "triggers.ids": "ocid1.image.oc1.iad.aaaaaaaa3vjsfaaz2ohzqubqz7kdlbtome2nplk3tcjomtbxt562gwqjfkwq",
                            "triggers.names": "Canonical-Ubuntu-16.04-2018.09.19-0"
                        },
                        "meta": {},
                        "tainted": false
                    },
                    "deposed": [],
                    "provider": "provider.null"
                },
                "null_resource.images.55": {
                    "type": "null_resource",
                    "depends_on": [
                        "data.oci_core_images.imageList"
                    ],
                    "primary": {
                        "id": "5287413029900728070",
                        "attributes": {
                            "id": "5287413029900728070",
                            "triggers.%": "2",
                            "triggers.ids": "ocid1.image.oc1.iad.aaaaaaaa7keb3ok2deynxzsz7k5rondhuc7nt5vw6hf3q5xslyiepnqsi3aq",
                            "triggers.names": "Canonical-Ubuntu-16.04-2018.08.15-0"
                        },
                        "meta": {},
                        "tainted": false
                    },
                    "deposed": [],
                    "provider": "provider.null"
                },
                "null_resource.images.56": {
                    "type": "null_resource",
                    "depends_on": [
                        "data.oci_core_images.imageList"
                    ],
                    "primary": {
                        "id": "1999841529682294458",
                        "attributes": {
                            "id": "1999841529682294458",
                            "triggers.%": "2",
                            "triggers.ids": "ocid1.image.oc1.iad.aaaaaaaammdmnlixr4zrcpxegthuw3yro4rxf5h2mhgirvpzwdlf53um72iq",
                            "triggers.names": "Canonical-Ubuntu-14.04-2018.10.16-0"
                        },
                        "meta": {},
                        "tainted": false
                    },
                    "deposed": [],
                    "provider": "provider.null"
                },
                "null_resource.images.57": {
                    "type": "null_resource",
                    "depends_on": [
                        "data.oci_core_images.imageList"
                    ],
                    "primary": {
                        "id": "5908831646846692533",
                        "attributes": {
                            "id": "5908831646846692533",
                            "triggers.%": "2",
                            "triggers.ids": "ocid1.image.oc1.iad.aaaaaaaa27bbh3lf5omuatuvpwvnr6koyusrpuv52suyheyygtxuxdnui6wq",
                            "triggers.names": "Canonical-Ubuntu-14.04-2018.09.19-0"
                        },
                        "meta": {},
                        "tainted": false
                    },
                    "deposed": [],
                    "provider": "provider.null"
                },
                "null_resource.images.58": {
                    "type": "null_resource",
                    "depends_on": [
                        "data.oci_core_images.imageList"
                    ],
                    "primary": {
                        "id": "9212584424931782381",
                        "attributes": {
                            "id": "9212584424931782381",
                            "triggers.%": "2",
                            "triggers.ids": "ocid1.image.oc1.iad.aaaaaaaar3gj4752jbc2efc2ytugv37lx5pcmky5ppmkmahset6fzudfse2a",
                            "triggers.names": "Canonical-Ubuntu-14.04-2018.08.15-0"
                        },
                        "meta": {},
                        "tainted": false
                    },
                    "deposed": [],
                    "provider": "provider.null"
                },
                "null_resource.images.6": {
                    "type": "null_resource",
                    "depends_on": [
                        "data.oci_core_images.imageList"
                    ],
                    "primary": {
                        "id": "1374083849935222387",
                        "attributes": {
                            "id": "1374083849935222387",
                            "triggers.%": "2",
                            "triggers.ids": "ocid1.image.oc1.iad.aaaaaaaatach4vk7fk7wgwocr7fjunzwagz3bygj4mc7axajdokfwnuwsibq",
                            "triggers.names": "Windows-Server-2016-Datacenter-Edition-BM-Gen2-DenseIO-2018.08.16-0"
                        },
                        "meta": {},
                        "tainted": false
                    },
                    "deposed": [],
                    "provider": "provider.null"
                },
                "null_resource.images.7": {
                    "type": "null_resource",
                    "depends_on": [
                        "data.oci_core_images.imageList"
                    ],
                    "primary": {
                        "id": "4425392213679974816",
                        "attributes": {
                            "id": "4425392213679974816",
                            "triggers.%": "2",
                            "triggers.ids": "ocid1.image.oc1.iad.aaaaaaaa4572ce7akirhzpf2zqajohvbhl2w5aibu3plsumghyse324grdma",
                            "triggers.names": "Windows-Server-2016-Datacenter-Edition-BM-Gen2-2018.10.11-0"
                        },
                        "meta": {},
                        "tainted": false
                    },
                    "deposed": [],
                    "provider": "provider.null"
                },
                "null_resource.images.8": {
                    "type": "null_resource",
                    "depends_on": [
                        "data.oci_core_images.imageList"
                    ],
                    "primary": {
                        "id": "5233381511907922642",
                        "attributes": {
                            "id": "5233381511907922642",
                            "triggers.%": "2",
                            "triggers.ids": "ocid1.image.oc1.iad.aaaaaaaamqqid3ryhnxzykass66z4rbrgynjrbf4urjqo3bhjyt7lappqtsa",
                            "triggers.names": "Windows-Server-2016-Datacenter-Edition-BM-Gen2-2018.09.12-0"
                        },
                        "meta": {},
                        "tainted": false
                    },
                    "deposed": [],
                    "provider": "provider.null"
                },
                "null_resource.images.9": {
                    "type": "null_resource",
                    "depends_on": [
                        "data.oci_core_images.imageList"
                    ],
                    "primary": {
                        "id": "1985762450843469111",
                        "attributes": {
                            "id": "1985762450843469111",
                            "triggers.%": "2",
                            "triggers.ids": "ocid1.image.oc1.iad.aaaaaaaamznk7qavz2fboa77kpi5w5xueqrbn7xmh2rrxsdt4l54oyol6w5q",
                            "triggers.names": "Windows-Server-2016-Datacenter-Edition-BM-Gen2-2018.08.16-0"
                        },
                        "meta": {},
                        "tainted": false
                    },
                    "deposed": [],
                    "provider": "provider.null"
                }
            },
            "depends_on": []
        }
    ]
}
