{
    "version": 3,
    "terraform_version": "0.11.13",
    "serial": 8,
    "lineage": "77d555a2-cb78-dc46-c581-47fd1d4d23c3",
    "modules": [
        {
            "path": [
                "root"
            ],
            "outputs": {
                "InstancePrivateIPs": {
                    "sensitive": false,
                    "type": "list",
                    "value": [
                        "10.1.4.4"
                    ]
                },
                "InstancePublicIPs": {
                    "sensitive": false,
                    "type": "list",
                    "value": [
                        "132.145.204.100"
                    ]
                }
            },
            "resources": {
                "data.oci_identity_availability_domain.ad": {
                    "type": "oci_identity_availability_domain",
                    "depends_on": [],
                    "primary": {
                        "id": "ocid1.availabilitydomain.oc1..aaaaaaaaztunlny6ae4yw2vghp5go2zceaonwp6wiioe3tnh2vlaxjjl2n3a",
                        "attributes": {
                            "ad_number": "2",
                            "compartment_id": "ocid1.tenancy.oc1..aaaaaaaa5arrzhx6wibc7iotaztfkt5bofbrfkw4x56kaplt36tat63lexgq",
                            "id": "ocid1.availabilitydomain.oc1..aaaaaaaaztunlny6ae4yw2vghp5go2zceaonwp6wiioe3tnh2vlaxjjl2n3a",
                            "name": "wCBC:US-ASHBURN-AD-2"
                        },
                        "meta": {},
                        "tainted": false
                    },
                    "deposed": [],
                    "provider": "provider.oci"
                },
                "oci_core_instance.TFInstance": {
                    "type": "oci_core_instance",
                    "depends_on": [
                        "data.oci_identity_availability_domain.ad"
                    ],
                    "primary": {
                        "id": "ocid1.instance.oc1.iad.abuwcljsfzykmc5zhp3svjx5cholroomcqqs5tsbzybuakx2pviptvyoni6q",
                        "attributes": {
                            "agent_config.#": "1",
                            "agent_config.0.is_monitoring_disabled": "false",
                            "availability_domain": "wCBC:US-ASHBURN-AD-2",
                            "boot_volume_id": "ocid1.bootvolume.oc1.iad.abuwcljsj5cwyzza3fd5zr2dh4rytbf3j3ustb6d4rqndtywwqahv7cpwfcq",
                            "compartment_id": "ocid1.compartment.oc1..aaaaaaaauureqxzhogfgqlxtcgjcsr6v4tfqwltl35ujke6ho6cuaft5twxa",
                            "create_vnic_details.#": "1",
                            "create_vnic_details.0.assign_public_ip": "true",
                            "create_vnic_details.0.defined_tags.%": "0",
                            "create_vnic_details.0.display_name": "primaryvnic",
                            "create_vnic_details.0.freeform_tags.%": "0",
                            "create_vnic_details.0.hostname_label": "mytfinstance",
                            "create_vnic_details.0.private_ip": "10.1.4.4",
                            "create_vnic_details.0.skip_source_dest_check": "false",
                            "create_vnic_details.0.subnet_id": "ocid1.subnet.oc1.iad.aaaaaaaab2ymapqybxvxicjta23rw6eg73y3cy5qvgkhlj3pccpqbkoznnsq",
                            "defined_tags.%": "4",
                            "defined_tags.owner.chargeback": "y",
                            "defined_tags.owner.team": "z",
                            "defined_tags.owner.type": "8",
                            "defined_tags.owner.uptime": "x",
                            "display_name": "mytfinstance",
                            "fault_domain": "FAULT-DOMAIN-1",
                            "freeform_tags.%": "0",
                            "hostname_label": "mytfinstance",
                            "id": "ocid1.instance.oc1.iad.abuwcljsfzykmc5zhp3svjx5cholroomcqqs5tsbzybuakx2pviptvyoni6q",
                            "image": "ocid1.image.oc1.iad.aaaaaaaageeenzyuxgia726xur4ztaoxbxyjlxogdhreu3ngfj2gji3bayda",
                            "launch_mode": "NATIVE",
                            "launch_options.#": "1",
                            "launch_options.0.boot_volume_type": "PARAVIRTUALIZED",
                            "launch_options.0.firmware": "UEFI_64",
                            "launch_options.0.is_consistent_volume_naming_enabled": "false",
                            "launch_options.0.is_pv_encryption_in_transit_enabled": "true",
                            "launch_options.0.network_type": "VFIO",
                            "launch_options.0.remote_data_volume_type": "PARAVIRTUALIZED",
                            "metadata.%": "1",
                            "metadata.ssh_authorized_keys": "ssh-rsa AAAAB3NzaC1yc2EAAAADAQABAAABAQDT+u6tfqx+YJDioefzcY85rFkRH1MsYvYjFapzOZ52m6hc3oxw0M/MZLZZkwl8L6zinbfI4nhQ+YdVrZec2GINdDz7JfIR8DwiwT5ZFJzFJUw1Mb6KwIXOi9b92HHR+rpbR3SreMosL/Cz8Z2sBhlXmZDvOk7wVCmlnoGxCQzzzuwyf9leacaI7L9YLNSWloz/ezdSo5Z2DHp/ZFBQyvX1ZgVwnVRZzMXwitfqraCmuWlFV7wHC1j5Taliozt4A4CO4G8aXWoBRAjHd7umQZ51y5ODd0Zpfd0HZZMsGFD5YjkErMHn+8+EAu78NuigM1jA2exKQek4YFZPzly/PiDt jde_ssh\n",
                            "private_ip": "10.1.4.4",
                            "public_ip": "132.145.204.100",
                            "region": "iad",
                            "shape": "VM.Standard2.4",
                            "source_details.#": "1",
                            "source_details.0.boot_volume_size_in_gbs": "47",
                            "source_details.0.kms_key_id": "",
                            "source_details.0.source_id": "ocid1.image.oc1.iad.aaaaaaaageeenzyuxgia726xur4ztaoxbxyjlxogdhreu3ngfj2gji3bayda",
                            "source_details.0.source_type": "image",
                            "state": "RUNNING",
                            "subnet_id": "ocid1.subnet.oc1.iad.aaaaaaaab2ymapqybxvxicjta23rw6eg73y3cy5qvgkhlj3pccpqbkoznnsq",
                            "time_created": "2019-04-12 15:51:36.001 +0000 UTC",
                            "time_maintenance_reboot_due": ""
                        },
                        "meta": {
                            "e2bfb730-ecaa-11e6-8f88-34363bc7c4c0": {
                                "create": 7200000000000,
                                "delete": 7200000000000,
                                "update": 7200000000000
                            }
                        },
                        "tainted": false
                    },
                    "deposed": [],
                    "provider": "provider.oci"
                }
            },
            "depends_on": []
        }
    ]
}
